// !$*UTF8*$!
{
	archiveVersion = 1;
	classes = {
	};
	objectVersion = 50;
	objects = {

/* Begin PBXBuildFile section */
		FC9C42A7254AE8890061E220 /* AppDelegate.swift in Sources */ = {isa = PBXBuildFile; fileRef = FC9C42A6254AE8890061E220 /* AppDelegate.swift */; };
		FC9C42A9254AE8890061E220 /* SceneDelegate.swift in Sources */ = {isa = PBXBuildFile; fileRef = FC9C42A8254AE8890061E220 /* SceneDelegate.swift */; };
		FC9C42AB254AE8890061E220 /* ViewController.swift in Sources */ = {isa = PBXBuildFile; fileRef = FC9C42AA254AE8890061E220 /* ViewController.swift */; };
		FC9C42AE254AE8890061E220 /* Main.storyboard in Resources */ = {isa = PBXBuildFile; fileRef = FC9C42AC254AE8890061E220 /* Main.storyboard */; };
		FC9C42B0254AE88D0061E220 /* Assets.xcassets in Resources */ = {isa = PBXBuildFile; fileRef = FC9C42AF254AE88D0061E220 /* Assets.xcassets */; };
		FC9C42B3254AE88D0061E220 /* LaunchScreen.storyboard in Resources */ = {isa = PBXBuildFile; fileRef = FC9C42B1254AE88D0061E220 /* LaunchScreen.storyboard */; };
		FC9C42BE254AE88D0061E220 /* EmojibleIOSTests.swift in Sources */ = {isa = PBXBuildFile; fileRef = FC9C42BD254AE88D0061E220 /* EmojibleIOSTests.swift */; };
		FC9C42C9254AE88D0061E220 /* EmojibleIOSUITests.swift in Sources */ = {isa = PBXBuildFile; fileRef = FC9C42C8254AE88D0061E220 /* EmojibleIOSUITests.swift */; };
/* End PBXBuildFile section */

/* Begin PBXContainerItemProxy section */
		FC9C42BA254AE88D0061E220 /* PBXContainerItemProxy */ = {
			isa = PBXContainerItemProxy;
			containerPortal = FC9C429B254AE8890061E220 /* Project object */;
			proxyType = 1;
			remoteGlobalIDString = FC9C42A2254AE8890061E220;
			remoteInfo = EmojibleIOS;
		};
		FC9C42C5254AE88D0061E220 /* PBXContainerItemProxy */ = {
			isa = PBXContainerItemProxy;
			containerPortal = FC9C429B254AE8890061E220 /* Project object */;
			proxyType = 1;
			remoteGlobalIDString = FC9C42A2254AE8890061E220;
			remoteInfo = EmojibleIOS;
		};
/* End PBXContainerItemProxy section */

/* Begin PBXFileReference section */
		FC9C42A3254AE8890061E220 /* EmojibleIOS.app */ = {isa = PBXFileReference; explicitFileType = wrapper.application; includeInIndex = 0; path = EmojibleIOS.app; sourceTree = BUILT_PRODUCTS_DIR; };
		FC9C42A6254AE8890061E220 /* AppDelegate.swift */ = {isa = PBXFileReference; lastKnownFileType = sourcecode.swift; path = AppDelegate.swift; sourceTree = "<group>"; };
		FC9C42A8254AE8890061E220 /* SceneDelegate.swift */ = {isa = PBXFileReference; lastKnownFileType = sourcecode.swift; path = SceneDelegate.swift; sourceTree = "<group>"; };
		FC9C42AA254AE8890061E220 /* ViewController.swift */ = {isa = PBXFileReference; lastKnownFileType = sourcecode.swift; path = ViewController.swift; sourceTree = "<group>"; };
		FC9C42AD254AE8890061E220 /* Base */ = {isa = PBXFileReference; lastKnownFileType = file.storyboard; name = Base; path = Base.lproj/Main.storyboard; sourceTree = "<group>"; };
		FC9C42AF254AE88D0061E220 /* Assets.xcassets */ = {isa = PBXFileReference; lastKnownFileType = folder.assetcatalog; path = Assets.xcassets; sourceTree = "<group>"; };
		FC9C42B2254AE88D0061E220 /* Base */ = {isa = PBXFileReference; lastKnownFileType = file.storyboard; name = Base; path = Base.lproj/LaunchScreen.storyboard; sourceTree = "<group>"; };
		FC9C42B4254AE88D0061E220 /* Info.plist */ = {isa = PBXFileReference; lastKnownFileType = text.plist.xml; path = Info.plist; sourceTree = "<group>"; };
		FC9C42B9254AE88D0061E220 /* EmojibleIOSTests.xctest */ = {isa = PBXFileReference; explicitFileType = wrapper.cfbundle; includeInIndex = 0; path = EmojibleIOSTests.xctest; sourceTree = BUILT_PRODUCTS_DIR; };
		FC9C42BD254AE88D0061E220 /* EmojibleIOSTests.swift */ = {isa = PBXFileReference; lastKnownFileType = sourcecode.swift; path = EmojibleIOSTests.swift; sourceTree = "<group>"; };
		FC9C42BF254AE88D0061E220 /* Info.plist */ = {isa = PBXFileReference; lastKnownFileType = text.plist.xml; path = Info.plist; sourceTree = "<group>"; };
		FC9C42C4254AE88D0061E220 /* EmojibleIOSUITests.xctest */ = {isa = PBXFileReference; explicitFileType = wrapper.cfbundle; includeInIndex = 0; path = EmojibleIOSUITests.xctest; sourceTree = BUILT_PRODUCTS_DIR; };
		FC9C42C8254AE88D0061E220 /* EmojibleIOSUITests.swift */ = {isa = PBXFileReference; lastKnownFileType = sourcecode.swift; path = EmojibleIOSUITests.swift; sourceTree = "<group>"; };
		FC9C42CA254AE88D0061E220 /* Info.plist */ = {isa = PBXFileReference; lastKnownFileType = text.plist.xml; path = Info.plist; sourceTree = "<group>"; };
/* End PBXFileReference section */

/* Begin PBXFrameworksBuildPhase section */
		FC9C42A0254AE8890061E220 /* Frameworks */ = {
			isa = PBXFrameworksBuildPhase;
			buildActionMask = 2147483647;
			files = (
			);
			runOnlyForDeploymentPostprocessing = 0;
		};
		FC9C42B6254AE88D0061E220 /* Frameworks */ = {
			isa = PBXFrameworksBuildPhase;
			buildActionMask = 2147483647;
			files = (
			);
			runOnlyForDeploymentPostprocessing = 0;
		};
		FC9C42C1254AE88D0061E220 /* Frameworks */ = {
			isa = PBXFrameworksBuildPhase;
			buildActionMask = 2147483647;
			files = (
			);
			runOnlyForDeploymentPostprocessing = 0;
		};
/* End PBXFrameworksBuildPhase section */

/* Begin PBXGroup section */
		FC9C429A254AE8890061E220 = {
			isa = PBXGroup;
			children = (
				FC9C42A5254AE8890061E220 /* EmojibleIOS */,
				FC9C42BC254AE88D0061E220 /* EmojibleIOSTests */,
				FC9C42C7254AE88D0061E220 /* EmojibleIOSUITests */,
				FC9C42A4254AE8890061E220 /* Products */,
			);
			sourceTree = "<group>";
		};
		FC9C42A4254AE8890061E220 /* Products */ = {
			isa = PBXGroup;
			children = (
				FC9C42A3254AE8890061E220 /* EmojibleIOS.app */,
				FC9C42B9254AE88D0061E220 /* EmojibleIOSTests.xctest */,
				FC9C42C4254AE88D0061E220 /* EmojibleIOSUITests.xctest */,
			);
			name = Products;
			sourceTree = "<group>";
		};
		FC9C42A5254AE8890061E220 /* EmojibleIOS */ = {
			isa = PBXGroup;
			children = (
				FC9C42A6254AE8890061E220 /* AppDelegate.swift */,
				FC9C42A8254AE8890061E220 /* SceneDelegate.swift */,
				FC9C42AA254AE8890061E220 /* ViewController.swift */,
				FC9C42AC254AE8890061E220 /* Main.storyboard */,
				FC9C42AF254AE88D0061E220 /* Assets.xcassets */,
				FC9C42B1254AE88D0061E220 /* LaunchScreen.storyboard */,
				FC9C42B4254AE88D0061E220 /* Info.plist */,
			);
			path = EmojibleIOS;
			sourceTree = "<group>";
		};
		FC9C42BC254AE88D0061E220 /* EmojibleIOSTests */ = {
			isa = PBXGroup;
			children = (
				FC9C42BD254AE88D0061E220 /* EmojibleIOSTests.swift */,
				FC9C42BF254AE88D0061E220 /* Info.plist */,
			);
			path = EmojibleIOSTests;
			sourceTree = "<group>";
		};
		FC9C42C7254AE88D0061E220 /* EmojibleIOSUITests */ = {
			isa = PBXGroup;
			children = (
				FC9C42C8254AE88D0061E220 /* EmojibleIOSUITests.swift */,
				FC9C42CA254AE88D0061E220 /* Info.plist */,
			);
			path = EmojibleIOSUITests;
			sourceTree = "<group>";
		};
/* End PBXGroup section */

/* Begin PBXNativeTarget section */
		FC9C42A2254AE8890061E220 /* EmojibleIOS */ = {
			isa = PBXNativeTarget;
			buildConfigurationList = FC9C42CD254AE88D0061E220 /* Build configuration list for PBXNativeTarget "EmojibleIOS" */;
			buildPhases = (
				FC9C429F254AE8890061E220 /* Sources */,
				FC9C42A0254AE8890061E220 /* Frameworks */,
				FC9C42A1254AE8890061E220 /* Resources */,
			);
			buildRules = (
			);
			dependencies = (
			);
			name = EmojibleIOS;
			productName = EmojibleIOS;
			productReference = FC9C42A3254AE8890061E220 /* EmojibleIOS.app */;
			productType = "com.apple.product-type.application";
		};
		FC9C42B8254AE88D0061E220 /* EmojibleIOSTests */ = {
			isa = PBXNativeTarget;
			buildConfigurationList = FC9C42D0254AE88D0061E220 /* Build configuration list for PBXNativeTarget "EmojibleIOSTests" */;
			buildPhases = (
				FC9C42B5254AE88D0061E220 /* Sources */,
				FC9C42B6254AE88D0061E220 /* Frameworks */,
				FC9C42B7254AE88D0061E220 /* Resources */,
			);
			buildRules = (
			);
			dependencies = (
				FC9C42BB254AE88D0061E220 /* PBXTargetDependency */,
			);
			name = EmojibleIOSTests;
			productName = EmojibleIOSTests;
			productReference = FC9C42B9254AE88D0061E220 /* EmojibleIOSTests.xctest */;
			productType = "com.apple.product-type.bundle.unit-test";
		};
		FC9C42C3254AE88D0061E220 /* EmojibleIOSUITests */ = {
			isa = PBXNativeTarget;
			buildConfigurationList = FC9C42D3254AE88D0061E220 /* Build configuration list for PBXNativeTarget "EmojibleIOSUITests" */;
			buildPhases = (
				FC9C42C0254AE88D0061E220 /* Sources */,
				FC9C42C1254AE88D0061E220 /* Frameworks */,
				FC9C42C2254AE88D0061E220 /* Resources */,
			);
			buildRules = (
			);
			dependencies = (
				FC9C42C6254AE88D0061E220 /* PBXTargetDependency */,
			);
			name = EmojibleIOSUITests;
			productName = EmojibleIOSUITests;
			productReference = FC9C42C4254AE88D0061E220 /* EmojibleIOSUITests.xctest */;
			productType = "com.apple.product-type.bundle.ui-testing";
		};
/* End PBXNativeTarget section */

/* Begin PBXProject section */
		FC9C429B254AE8890061E220 /* Project object */ = {
			isa = PBXProject;
			attributes = {
				LastSwiftUpdateCheck = 1200;
				LastUpgradeCheck = 1200;
				TargetAttributes = {
					FC9C42A2254AE8890061E220 = {
						CreatedOnToolsVersion = 12.0.1;
					};
					FC9C42B8254AE88D0061E220 = {
						CreatedOnToolsVersion = 12.0.1;
						TestTargetID = FC9C42A2254AE8890061E220;
					};
					FC9C42C3254AE88D0061E220 = {
						CreatedOnToolsVersion = 12.0.1;
						TestTargetID = FC9C42A2254AE8890061E220;
					};
				};
			};
			buildConfigurationList = FC9C429E254AE8890061E220 /* Build configuration list for PBXProject "EmojibleIOS" */;
			compatibilityVersion = "Xcode 9.3";
			developmentRegion = en;
			hasScannedForEncodings = 0;
			knownRegions = (
				en,
				Base,
			);
			mainGroup = FC9C429A254AE8890061E220;
			productRefGroup = FC9C42A4254AE8890061E220 /* Products */;
			projectDirPath = "";
			projectRoot = "";
			targets = (
				FC9C42A2254AE8890061E220 /* EmojibleIOS */,
				FC9C42B8254AE88D0061E220 /* EmojibleIOSTests */,
				FC9C42C3254AE88D0061E220 /* EmojibleIOSUITests */,
			);
		};
/* End PBXProject section */

/* Begin PBXResourcesBuildPhase section */
		FC9C42A1254AE8890061E220 /* Resources */ = {
			isa = PBXResourcesBuildPhase;
			buildActionMask = 2147483647;
			files = (
				FC9C42B3254AE88D0061E220 /* LaunchScreen.storyboard in Resources */,
				FC9C42B0254AE88D0061E220 /* Assets.xcassets in Resources */,
				FC9C42AE254AE8890061E220 /* Main.storyboard in Resources */,
			);
			runOnlyForDeploymentPostprocessing = 0;
		};
		FC9C42B7254AE88D0061E220 /* Resources */ = {
			isa = PBXResourcesBuildPhase;
			buildActionMask = 2147483647;
			files = (
			);
			runOnlyForDeploymentPostprocessing = 0;
		};
		FC9C42C2254AE88D0061E220 /* Resources */ = {
			isa = PBXResourcesBuildPhase;
			buildActionMask = 2147483647;
			files = (
			);
			runOnlyForDeploymentPostprocessing = 0;
		};
/* End PBXResourcesBuildPhase section */

/* Begin PBXSourcesBuildPhase section */
		FC9C429F254AE8890061E220 /* Sources */ = {
			isa = PBXSourcesBuildPhase;
			buildActionMask = 2147483647;
			files = (
				FC9C42AB254AE8890061E220 /* ViewController.swift in Sources */,
				FC9C42A7254AE8890061E220 /* AppDelegate.swift in Sources */,
				FC9C42A9254AE8890061E220 /* SceneDelegate.swift in Sources */,
			);
			runOnlyForDeploymentPostprocessing = 0;
		};
		FC9C42B5254AE88D0061E220 /* Sources */ = {
			isa = PBXSourcesBuildPhase;
			buildActionMask = 2147483647;
			files = (
				FC9C42BE254AE88D0061E220 /* EmojibleIOSTests.swift in Sources */,
			);
			runOnlyForDeploymentPostprocessing = 0;
		};
		FC9C42C0254AE88D0061E220 /* Sources */ = {
			isa = PBXSourcesBuildPhase;
			buildActionMask = 2147483647;
			files = (
				FC9C42C9254AE88D0061E220 /* EmojibleIOSUITests.swift in Sources */,
			);
			runOnlyForDeploymentPostprocessing = 0;
		};
/* End PBXSourcesBuildPhase section */

/* Begin PBXTargetDependency section */
		FC9C42BB254AE88D0061E220 /* PBXTargetDependency */ = {
			isa = PBXTargetDependency;
			target = FC9C42A2254AE8890061E220 /* EmojibleIOS */;
			targetProxy = FC9C42BA254AE88D0061E220 /* PBXContainerItemProxy */;
		};
		FC9C42C6254AE88D0061E220 /* PBXTargetDependency */ = {
			isa = PBXTargetDependency;
			target = FC9C42A2254AE8890061E220 /* EmojibleIOS */;
			targetProxy = FC9C42C5254AE88D0061E220 /* PBXContainerItemProxy */;
		};
/* End PBXTargetDependency section */

/* Begin PBXVariantGroup section */
		FC9C42AC254AE8890061E220 /* Main.storyboard */ = {
			isa = PBXVariantGroup;
			children = (
				FC9C42AD254AE8890061E220 /* Base */,
			);
			name = Main.storyboard;
			sourceTree = "<group>";
		};
		FC9C42B1254AE88D0061E220 /* LaunchScreen.storyboard */ = {
			isa = PBXVariantGroup;
			children = (
				FC9C42B2254AE88D0061E220 /* Base */,
			);
			name = LaunchScreen.storyboard;
			sourceTree = "<group>";
		};
/* End PBXVariantGroup section */

/* Begin XCBuildConfiguration section */
		FC9C42CB254AE88D0061E220 /* Debug */ = {
			isa = XCBuildConfiguration;
			buildSettings = {
				ALWAYS_SEARCH_USER_PATHS = NO;
				CLANG_ANALYZER_NONNULL = YES;
				CLANG_ANALYZER_NUMBER_OBJECT_CONVERSION = YES_AGGRESSIVE;
				CLANG_CXX_LANGUAGE_STANDARD = "gnu++14";
				CLANG_CXX_LIBRARY = "libc++";
				CLANG_ENABLE_MODULES = YES;
				CLANG_ENABLE_OBJC_ARC = YES;
				CLANG_ENABLE_OBJC_WEAK = YES;
				CLANG_WARN_BLOCK_CAPTURE_AUTORELEASING = YES;
				CLANG_WARN_BOOL_CONVERSION = YES;
				CLANG_WARN_COMMA = YES;
				CLANG_WARN_CONSTANT_CONVERSION = YES;
				CLANG_WARN_DEPRECATED_OBJC_IMPLEMENTATIONS = YES;
				CLANG_WARN_DIRECT_OBJC_ISA_USAGE = YES_ERROR;
				CLANG_WARN_DOCUMENTATION_COMMENTS = YES;
				CLANG_WARN_EMPTY_BODY = YES;
				CLANG_WARN_ENUM_CONVERSION = YES;
				CLANG_WARN_INFINITE_RECURSION = YES;
				CLANG_WARN_INT_CONVERSION = YES;
				CLANG_WARN_NON_LITERAL_NULL_CONVERSION = YES;
				CLANG_WARN_OBJC_IMPLICIT_RETAIN_SELF = YES;
				CLANG_WARN_OBJC_LITERAL_CONVERSION = YES;
				CLANG_WARN_OBJC_ROOT_CLASS = YES_ERROR;
				CLANG_WARN_QUOTED_INCLUDE_IN_FRAMEWORK_HEADER = YES;
				CLANG_WARN_RANGE_LOOP_ANALYSIS = YES;
				CLANG_WARN_STRICT_PROTOTYPES = YES;
				CLANG_WARN_SUSPICIOUS_MOVE = YES;
				CLANG_WARN_UNGUARDED_AVAILABILITY = YES_AGGRESSIVE;
				CLANG_WARN_UNREACHABLE_CODE = YES;
				CLANG_WARN__DUPLICATE_METHOD_MATCH = YES;
				COPY_PHASE_STRIP = NO;
				DEBUG_INFORMATION_FORMAT = dwarf;
				ENABLE_STRICT_OBJC_MSGSEND = YES;
				ENABLE_TESTABILITY = YES;
				GCC_C_LANGUAGE_STANDARD = gnu11;
				GCC_DYNAMIC_NO_PIC = NO;
				GCC_NO_COMMON_BLOCKS = YES;
				GCC_OPTIMIZATION_LEVEL = 0;
				GCC_PREPROCESSOR_DEFINITIONS = (
					"DEBUG=1",
					"$(inherited)",
				);
				GCC_WARN_64_TO_32_BIT_CONVERSION = YES;
				GCC_WARN_ABOUT_RETURN_TYPE = YES_ERROR;
				GCC_WARN_UNDECLARED_SELECTOR = YES;
				GCC_WARN_UNINITIALIZED_AUTOS = YES_AGGRESSIVE;
				GCC_WARN_UNUSED_FUNCTION = YES;
				GCC_WARN_UNUSED_VARIABLE = YES;
				IPHONEOS_DEPLOYMENT_TARGET = 14.0;
				MTL_ENABLE_DEBUG_INFO = INCLUDE_SOURCE;
				MTL_FAST_MATH = YES;
				ONLY_ACTIVE_ARCH = YES;
				SDKROOT = iphoneos;
				SWIFT_ACTIVE_COMPILATION_CONDITIONS = DEBUG;
				SWIFT_OPTIMIZATION_LEVEL = "-Onone";
			};
			name = Debug;
		};
		FC9C42CC254AE88D0061E220 /* Release */ = {
			isa = XCBuildConfiguration;
			buildSettings = {
				ALWAYS_SEARCH_USER_PATHS = NO;
				CLANG_ANALYZER_NONNULL = YES;
				CLANG_ANALYZER_NUMBER_OBJECT_CONVERSION = YES_AGGRESSIVE;
				CLANG_CXX_LANGUAGE_STANDARD = "gnu++14";
				CLANG_CXX_LIBRARY = "libc++";
				CLANG_ENABLE_MODULES = YES;
				CLANG_ENABLE_OBJC_ARC = YES;
				CLANG_ENABLE_OBJC_WEAK = YES;
				CLANG_WARN_BLOCK_CAPTURE_AUTORELEASING = YES;
				CLANG_WARN_BOOL_CONVERSION = YES;
				CLANG_WARN_COMMA = YES;
				CLANG_WARN_CONSTANT_CONVERSION = YES;
				CLANG_WARN_DEPRECATED_OBJC_IMPLEMENTATIONS = YES;
				CLANG_WARN_DIRECT_OBJC_ISA_USAGE = YES_ERROR;
				CLANG_WARN_DOCUMENTATION_COMMENTS = YES;
				CLANG_WARN_EMPTY_BODY = YES;
				CLANG_WARN_ENUM_CONVERSION = YES;
				CLANG_WARN_INFINITE_RECURSION = YES;
				CLANG_WARN_INT_CONVERSION = YES;
				CLANG_WARN_NON_LITERAL_NULL_CONVERSION = YES;
				CLANG_WARN_OBJC_IMPLICIT_RETAIN_SELF = YES;
				CLANG_WARN_OBJC_LITERAL_CONVERSION = YES;
				CLANG_WARN_OBJC_ROOT_CLASS = YES_ERROR;
				CLANG_WARN_QUOTED_INCLUDE_IN_FRAMEWORK_HEADER = YES;
				CLANG_WARN_RANGE_LOOP_ANALYSIS = YES;
				CLANG_WARN_STRICT_PROTOTYPES = YES;
				CLANG_WARN_SUSPICIOUS_MOVE = YES;
				CLANG_WARN_UNGUARDED_AVAILABILITY = YES_AGGRESSIVE;
				CLANG_WARN_UNREACHABLE_CODE = YES;
				CLANG_WARN__DUPLICATE_METHOD_MATCH = YES;
				COPY_PHASE_STRIP = NO;
				DEBUG_INFORMATION_FORMAT = "dwarf-with-dsym";
				ENABLE_NS_ASSERTIONS = NO;
				ENABLE_STRICT_OBJC_MSGSEND = YES;
				GCC_C_LANGUAGE_STANDARD = gnu11;
				GCC_NO_COMMON_BLOCKS = YES;
				GCC_WARN_64_TO_32_BIT_CONVERSION = YES;
				GCC_WARN_ABOUT_RETURN_TYPE = YES_ERROR;
				GCC_WARN_UNDECLARED_SELECTOR = YES;
				GCC_WARN_UNINITIALIZED_AUTOS = YES_AGGRESSIVE;
				GCC_WARN_UNUSED_FUNCTION = YES;
				GCC_WARN_UNUSED_VARIABLE = YES;
				IPHONEOS_DEPLOYMENT_TARGET = 14.0;
				MTL_ENABLE_DEBUG_INFO = NO;
				MTL_FAST_MATH = YES;
				SDKROOT = iphoneos;
				SWIFT_COMPILATION_MODE = wholemodule;
				SWIFT_OPTIMIZATION_LEVEL = "-O";
				VALIDATE_PRODUCT = YES;
			};
			name = Release;
		};
		FC9C42CE254AE88D0061E220 /* Debug */ = {
			isa = XCBuildConfiguration;
			buildSettings = {
				ASSETCATALOG_COMPILER_APPICON_NAME = AppIcon;
				ASSETCATALOG_COMPILER_GLOBAL_ACCENT_COLOR_NAME = AccentColor;
				CODE_SIGN_STYLE = Automatic;
				DEVELOPMENT_TEAM = FQM5R73TP7;
				INFOPLIST_FILE = EmojibleIOS/Info.plist;
				LD_RUNPATH_SEARCH_PATHS = (
					"$(inherited)",
					"@executable_path/Frameworks",
				);
				PRODUCT_BUNDLE_IDENTIFIER = com.EmojibleIOS.EmojibleIOS;
				PRODUCT_NAME = "$(TARGET_NAME)";
				SWIFT_VERSION = 5.0;
				TARGETED_DEVICE_FAMILY = "1,2";
			};
			name = Debug;
		};
		FC9C42CF254AE88D0061E220 /* Release */ = {
			isa = XCBuildConfiguration;
			buildSettings = {
				ASSETCATALOG_COMPILER_APPICON_NAME = AppIcon;
				ASSETCATALOG_COMPILER_GLOBAL_ACCENT_COLOR_NAME = AccentColor;
				CODE_SIGN_STYLE = Automatic;
				DEVELOPMENT_TEAM = FQM5R73TP7;
				INFOPLIST_FILE = EmojibleIOS/Info.plist;
				LD_RUNPATH_SEARCH_PATHS = (
					"$(inherited)",
					"@executable_path/Frameworks",
				);
				PRODUCT_BUNDLE_IDENTIFIER = com.EmojibleIOS.EmojibleIOS;
				PRODUCT_NAME = "$(TARGET_NAME)";
				SWIFT_VERSION = 5.0;
				TARGETED_DEVICE_FAMILY = "1,2";
			};
			name = Release;
		};
		FC9C42D1254AE88D0061E220 /* Debug */ = {
			isa = XCBuildConfiguration;
			buildSettings = {
				ALWAYS_EMBED_SWIFT_STANDARD_LIBRARIES = YES;
				BUNDLE_LOADER = "$(TEST_HOST)";
				CODE_SIGN_STYLE = Automatic;
				DEVELOPMENT_TEAM = FQM5R73TP7;
				INFOPLIST_FILE = EmojibleIOSTests/Info.plist;
				IPHONEOS_DEPLOYMENT_TARGET = 14.0;
				LD_RUNPATH_SEARCH_PATHS = (
					"$(inherited)",
					"@executable_path/Frameworks",
					"@loader_path/Frameworks",
				);
				PRODUCT_BUNDLE_IDENTIFIER = com.EmojibleIOS.EmojibleIOSTests;
				PRODUCT_NAME = "$(TARGET_NAME)";
				SWIFT_VERSION = 5.0;
				TARGETED_DEVICE_FAMILY = "1,2";
				TEST_HOST = "$(BUILT_PRODUCTS_DIR)/EmojibleIOS.app/EmojibleIOS";
			};
			name = Debug;
		};
		FC9C42D2254AE88D0061E220 /* Release */ = {
			isa = XCBuildConfiguration;
			buildSettings = {
				ALWAYS_EMBED_SWIFT_STANDARD_LIBRARIES = YES;
				BUNDLE_LOADER = "$(TEST_HOST)";
				CODE_SIGN_STYLE = Automatic;
				DEVELOPMENT_TEAM = FQM5R73TP7;
				INFOPLIST_FILE = EmojibleIOSTests/Info.plist;
				IPHONEOS_DEPLOYMENT_TARGET = 14.0;
				LD_RUNPATH_SEARCH_PATHS = (
					"$(inherited)",
					"@executable_path/Frameworks",
					"@loader_path/Frameworks",
				);
				PRODUCT_BUNDLE_IDENTIFIER = com.EmojibleIOS.EmojibleIOSTests;
				PRODUCT_NAME = "$(TARGET_NAME)";
				SWIFT_VERSION = 5.0;
				TARGETED_DEVICE_FAMILY = "1,2";
				TEST_HOST = "$(BUILT_PRODUCTS_DIR)/EmojibleIOS.app/EmojibleIOS";
			};
			name = Release;
		};
		FC9C42D4254AE88D0061E220 /* Debug */ = {
			isa = XCBuildConfiguration;
			buildSettings = {
				ALWAYS_EMBED_SWIFT_STANDARD_LIBRARIES = YES;
				CODE_SIGN_STYLE = Automatic;
				DEVELOPMENT_TEAM = FQM5R73TP7;
				INFOPLIST_FILE = EmojibleIOSUITests/Info.plist;
				LD_RUNPATH_SEARCH_PATHS = (
					"$(inherited)",
					"@executable_path/Frameworks",
					"@loader_path/Frameworks",
				);
				PRODUCT_BUNDLE_IDENTIFIER = com.EmojibleIOS.EmojibleIOSUITests;
				PRODUCT_NAME = "$(TARGET_NAME)";
				SWIFT_VERSION = 5.0;
				TARGETED_DEVICE_FAMILY = "1,2";
				TEST_TARGET_NAME = EmojibleIOS;
			};
			name = Debug;
		};
		FC9C42D5254AE88D0061E220 /* Release */ = {
			isa = XCBuildConfiguration;
			buildSettings = {
				ALWAYS_EMBED_SWIFT_STANDARD_LIBRARIES = YES;
				CODE_SIGN_STYLE = Automatic;
				DEVELOPMENT_TEAM = FQM5R73TP7;
				INFOPLIST_FILE = EmojibleIOSUITests/Info.plist;
				LD_RUNPATH_SEARCH_PATHS = (
					"$(inherited)",
					"@executable_path/Frameworks",
					"@loader_path/Frameworks",
				);
				PRODUCT_BUNDLE_IDENTIFIER = com.EmojibleIOS.EmojibleIOSUITests;
				PRODUCT_NAME = "$(TARGET_NAME)";
				SWIFT_VERSION = 5.0;
				TARGETED_DEVICE_FAMILY = "1,2";
				TEST_TARGET_NAME = EmojibleIOS;
			};
			name = Release;
		};
/* End XCBuildConfiguration section */

/* Begin XCConfigurationList section */
		FC9C429E254AE8890061E220 /* Build configuration list for PBXProject "EmojibleIOS" */ = {
			isa = XCConfigurationList;
			buildConfigurations = (
				FC9C42CB254AE88D0061E220 /* Debug */,
				FC9C42CC254AE88D0061E220 /* Release */,
			);
			defaultConfigurationIsVisible = 0;
			defaultConfigurationName = Release;
		};
		FC9C42CD254AE88D0061E220 /* Build configuration list for PBXNativeTarget "EmojibleIOS" */ = {
			isa = XCConfigurationList;
			buildConfigurations = (
				FC9C42CE254AE88D0061E220 /* Debug */,
				FC9C42CF254AE88D0061E220 /* Release */,
			);
			defaultConfigurationIsVisible = 0;
			defaultConfigurationName = Release;
		};
		FC9C42D0254AE88D0061E220 /* Build configuration list for PBXNativeTarget "EmojibleIOSTests" */ = {
			isa = XCConfigurationList;
			buildConfigurations = (
				FC9C42D1254AE88D0061E220 /* Debug */,
				FC9C42D2254AE88D0061E220 /* Release */,
			);
			defaultConfigurationIsVisible = 0;
			defaultConfigurationName = Release;
		};
		FC9C42D3254AE88D0061E220 /* Build configuration list for PBXNativeTarget "EmojibleIOSUITests" */ = {
			isa = XCConfigurationList;
			buildConfigurations = (
				FC9C42D4254AE88D0061E220 /* Debug */,
				FC9C42D5254AE88D0061E220 /* Release */,
			);
			defaultConfigurationIsVisible = 0;
			defaultConfigurationName = Release;
		};
/* End XCConfigurationList section */
	};
	rootObject = FC9C429B254AE8890061E220 /* Project object */;
}
