// !$*UTF8*$!
{
	archiveVersion = 1;
	classes = {
	};
	objectVersion = 51;
	objects = {

/* Begin PBXBuildFile section */
		2AE3EC61E30FA63BB8C4E294 /* Pods_EmojibleIOS.framework in Frameworks */ = {isa = PBXBuildFile; fileRef = ACB4B3DC6E4C1B2127D4149A /* Pods_EmojibleIOS.framework */; };
		32FD13A34D6ED132E86CEE3C /* Pods_EmojibleIOSTests.framework in Frameworks */ = {isa = PBXBuildFile; fileRef = D3D7D9561EF32FFC12CF4791 /* Pods_EmojibleIOSTests.framework */; };
		65062E14112456082CCF35FB /* Pods_EmojibleIOS_EmojibleIOSUITests.framework in Frameworks */ = {isa = PBXBuildFile; fileRef = EC757BA39FFEA67639A14484 /* Pods_EmojibleIOS_EmojibleIOSUITests.framework */; };
		8B02EA462579329F00480AFA /* Token.swift in Sources */ = {isa = PBXBuildFile; fileRef = 8B02EA452579329F00480AFA /* Token.swift */; };
		8B02EA4B2579331D00480AFA /* Lexer.swift in Sources */ = {isa = PBXBuildFile; fileRef = 8B02EA4A2579331D00480AFA /* Lexer.swift */; };
		8B02EA502579344E00480AFA /* StringExtensions.swift in Sources */ = {isa = PBXBuildFile; fileRef = 8B02EA4F2579344E00480AFA /* StringExtensions.swift */; };
		8B02EA5E25795D9500480AFA /* AST.swift in Sources */ = {isa = PBXBuildFile; fileRef = 8B02EA5D25795D9500480AFA /* AST.swift */; };
		8B1597042550658200E3E10A /* AuthenticationStoryboard.storyboard in Resources */ = {isa = PBXBuildFile; fileRef = 8B1597032550658200E3E10A /* AuthenticationStoryboard.storyboard */; };
		8B3E751D255D954F00AAA915 /* AudioPlayer.swift in Sources */ = {isa = PBXBuildFile; fileRef = 8B3E751C255D954F00AAA915 /* AudioPlayer.swift */; };
		8B69332C255FE9FB00CE97CB /* TokenType.swift in Sources */ = {isa = PBXBuildFile; fileRef = 8B69332B255FE9FB00CE97CB /* TokenType.swift */; };
		8B70B200255F4E4E00EC3D57 /* FileManager.swift in Sources */ = {isa = PBXBuildFile; fileRef = 8B70B1FF255F4E4E00EC3D57 /* FileManager.swift */; };
		8B7FF77A255C82C30043B0DB /* EmojiAssignmentCoordinator.swift in Sources */ = {isa = PBXBuildFile; fileRef = 8B7FF779255C82C30043B0DB /* EmojiAssignmentCoordinator.swift */; };
		8B7FF782255C82CD0043B0DB /* SettingsCoordinator.swift in Sources */ = {isa = PBXBuildFile; fileRef = 8B7FF781255C82CD0043B0DB /* SettingsCoordinator.swift */; };
		8B7FF787255C82DA0043B0DB /* ClassCoordinator.swift in Sources */ = {isa = PBXBuildFile; fileRef = 8B7FF786255C82DA0043B0DB /* ClassCoordinator.swift */; };
		8B7FF78C255C82F40043B0DB /* TutorialsCoordinator.swift in Sources */ = {isa = PBXBuildFile; fileRef = 8B7FF78B255C82F40043B0DB /* TutorialsCoordinator.swift */; };
		8B7FF791255C830A0043B0DB /* ProgramsCoordinator.swift in Sources */ = {isa = PBXBuildFile; fileRef = 8B7FF790255C830A0043B0DB /* ProgramsCoordinator.swift */; };
		8B7FF79C255C91740043B0DB /* ClassScreenVC.swift in Sources */ = {isa = PBXBuildFile; fileRef = 8B7FF79B255C91740043B0DB /* ClassScreenVC.swift */; };
		8B7FF7A1255C918A0043B0DB /* SettingsScreenVC.swift in Sources */ = {isa = PBXBuildFile; fileRef = 8B7FF7A0255C918A0043B0DB /* SettingsScreenVC.swift */; };
		8B7FF7A6255C93500043B0DB /* UIViewControllerWithAlerts.swift in Sources */ = {isa = PBXBuildFile; fileRef = 8B7FF7A5255C93500043B0DB /* UIViewControllerWithAlerts.swift */; };
		8B7FF7AE255C936D0043B0DB /* ViewControllerExtensions.swift in Sources */ = {isa = PBXBuildFile; fileRef = 8B7FF7AD255C936D0043B0DB /* ViewControllerExtensions.swift */; };
		8B7FF7D1255CB34F0043B0DB /* CustomDateFormatter.swift in Sources */ = {isa = PBXBuildFile; fileRef = 8B7FF7D0255CB34F0043B0DB /* CustomDateFormatter.swift */; };
		8B7FF7E1255CD4CC0043B0DB /* TeacherModel.swift in Sources */ = {isa = PBXBuildFile; fileRef = 8B7FF7E0255CD4CC0043B0DB /* TeacherModel.swift */; };
		8B7FF7E6255CD4D60043B0DB /* StudentModel.swift in Sources */ = {isa = PBXBuildFile; fileRef = 8B7FF7E5255CD4D60043B0DB /* StudentModel.swift */; };
		8B7FF7EE255CD6620043B0DB /* ClassModel.swift in Sources */ = {isa = PBXBuildFile; fileRef = 8B7FF7ED255CD6620043B0DB /* ClassModel.swift */; };
		8B7FF7F3255CE00E0043B0DB /* ClassSignUpVC.swift in Sources */ = {isa = PBXBuildFile; fileRef = 8B7FF7F2255CE00E0043B0DB /* ClassSignUpVC.swift */; };
		8B7FF7F9255CE44E0043B0DB /* UserFactory.swift in Sources */ = {isa = PBXBuildFile; fileRef = 8B7FF7F8255CE44E0043B0DB /* UserFactory.swift */; };
		8B7FF80F255D4A880043B0DB /* ClassesDataSource.swift in Sources */ = {isa = PBXBuildFile; fileRef = 8B7FF80E255D4A880043B0DB /* ClassesDataSource.swift */; };
		8B7FF845255D5C220043B0DB /* NotificationExtensions.swift in Sources */ = {isa = PBXBuildFile; fileRef = 8B7FF844255D5C220043B0DB /* NotificationExtensions.swift */; };
		8B7FF867255D65580043B0DB /* GlobalMemory.swift in Sources */ = {isa = PBXBuildFile; fileRef = 8B7FF866255D65580043B0DB /* GlobalMemory.swift */; };
		8B7FF872255D68B20043B0DB /* AssignmentViewModel.swift in Sources */ = {isa = PBXBuildFile; fileRef = 8B7FF871255D68B20043B0DB /* AssignmentViewModel.swift */; };
		8B8323002550571A009C1526 /* UserDataSource.swift in Sources */ = {isa = PBXBuildFile; fileRef = 8B8322FF2550571A009C1526 /* UserDataSource.swift */; };
		8B8323082550583F009C1526 /* LoginVC.swift in Sources */ = {isa = PBXBuildFile; fileRef = 8B8323072550583F009C1526 /* LoginVC.swift */; };
		8B9CF22325753B7000743E8E /* GoogleService-Info.plist in Resources */ = {isa = PBXBuildFile; fileRef = 8B9CF22225753B7000743E8E /* GoogleService-Info.plist */; };
		8BBD5D16257BF9B70089F2D9 /* RunCodeCoordinator.swift in Sources */ = {isa = PBXBuildFile; fileRef = 8BBD5D15257BF9B70089F2D9 /* RunCodeCoordinator.swift */; };
		8BBD5D1C257C05100089F2D9 /* RunScreenVC.xib in Resources */ = {isa = PBXBuildFile; fileRef = 8BBD5D1B257C05100089F2D9 /* RunScreenVC.xib */; };
		8BBD5D21257C101C0089F2D9 /* TextFieldExtensions.swift in Sources */ = {isa = PBXBuildFile; fileRef = 8BBD5D20257C101C0089F2D9 /* TextFieldExtensions.swift */; };
		8BBF79BF255F79B2000657E6 /* TutorialViewModel.xib in Resources */ = {isa = PBXBuildFile; fileRef = 8BBF79BE255F79B2000657E6 /* TutorialViewModel.xib */; };
		8BBF79CA255F7A6C000657E6 /* PreviousCodeDataSource.swift in Sources */ = {isa = PBXBuildFile; fileRef = 8BBF79C9255F7A6C000657E6 /* PreviousCodeDataSource.swift */; };
		8BDC8FC6255EAD4000A2E229 /* AddVoiceAlert.swift in Sources */ = {isa = PBXBuildFile; fileRef = 8BDC8FC5255EAD4000A2E229 /* AddVoiceAlert.swift */; };
		8BDC8FCE255EAD4B00A2E229 /* AddVoiceAlert.xib in Resources */ = {isa = PBXBuildFile; fileRef = 8BDC8FCD255EAD4B00A2E229 /* AddVoiceAlert.xib */; };
		8BDC8FD3255EAF0400A2E229 /* IBInspectables.swift in Sources */ = {isa = PBXBuildFile; fileRef = 8BDC8FD2255EAF0400A2E229 /* IBInspectables.swift */; };
		8BDC8FE7255ECB4F00A2E229 /* CustomAlertViewController.swift in Sources */ = {isa = PBXBuildFile; fileRef = 8BDC8FE6255ECB4F00A2E229 /* CustomAlertViewController.swift */; };
		8BDC8FEF255ECE4B00A2E229 /* AddTextAlert.swift in Sources */ = {isa = PBXBuildFile; fileRef = 8BDC8FEE255ECE4B00A2E229 /* AddTextAlert.swift */; };
		8BDC8FF7255ECE5600A2E229 /* AddTextAlert.xib in Resources */ = {isa = PBXBuildFile; fileRef = 8BDC8FF6255ECE5600A2E229 /* AddTextAlert.xib */; };
		8BDC8FFF255ED05900A2E229 /* EmojiChecker.swift in Sources */ = {isa = PBXBuildFile; fileRef = 8BDC8FFE255ED05900A2E229 /* EmojiChecker.swift */; };
		8BDC9009255ED4FC00A2E229 /* AudioRecorder.swift in Sources */ = {isa = PBXBuildFile; fileRef = 8BDC9008255ED4FC00A2E229 /* AudioRecorder.swift */; };
		8BE90CAA2550383800A34B37 /* Coordinated.swift in Sources */ = {isa = PBXBuildFile; fileRef = 8BE90CA92550383800A34B37 /* Coordinated.swift */; };
		8BE90CAF2550384500A34B37 /* Coordinator.swift in Sources */ = {isa = PBXBuildFile; fileRef = 8BE90CAE2550384500A34B37 /* Coordinator.swift */; };
		8BE90CB42550387300A34B37 /* AppCoordinator.swift in Sources */ = {isa = PBXBuildFile; fileRef = 8BE90CB32550387300A34B37 /* AppCoordinator.swift */; };
		8BE90CB92550397600A34B37 /* AuthenticationCoordinator.swift in Sources */ = {isa = PBXBuildFile; fileRef = 8BE90CB82550397600A34B37 /* AuthenticationCoordinator.swift */; };
		8BE90CBE2550397E00A34B37 /* StudentCoordinator.swift in Sources */ = {isa = PBXBuildFile; fileRef = 8BE90CBD2550397E00A34B37 /* StudentCoordinator.swift */; };
		8BE90CC32550398600A34B37 /* TeacherCoordinator.swift in Sources */ = {isa = PBXBuildFile; fileRef = 8BE90CC22550398600A34B37 /* TeacherCoordinator.swift */; };
		8BE90CEF2550410E00A34B37 /* TeacherMainScreenVC.swift in Sources */ = {isa = PBXBuildFile; fileRef = 8BE90CEE2550410E00A34B37 /* TeacherMainScreenVC.swift */; };
		8BE90D2D2550497700A34B37 /* AuthenticationManager.swift in Sources */ = {isa = PBXBuildFile; fileRef = 8BE90D2C2550497700A34B37 /* AuthenticationManager.swift */; };
		8BE90D32255049A200A34B37 /* UserModel.swift in Sources */ = {isa = PBXBuildFile; fileRef = 8BE90D31255049A200A34B37 /* UserModel.swift */; };
		8BEB38C1257A400400C24085 /* ColorModel.swift in Sources */ = {isa = PBXBuildFile; fileRef = 8BEB38C0257A400400C24085 /* ColorModel.swift */; };
		8BEB38C6257A4E4B00C24085 /* Interpreter.swift in Sources */ = {isa = PBXBuildFile; fileRef = 8BEB38C5257A4E4B00C24085 /* Interpreter.swift */; };
		8BEB38CB257A4ECD00C24085 /* Memory.swift in Sources */ = {isa = PBXBuildFile; fileRef = 8BEB38CA257A4ECD00C24085 /* Memory.swift */; };
		8BEB38D0257A80C400C24085 /* Parser.swift in Sources */ = {isa = PBXBuildFile; fileRef = 8BEB38CF257A80C400C24085 /* Parser.swift */; };
		8BEB38D5257AA0D800C24085 /* RunScreenVC.swift in Sources */ = {isa = PBXBuildFile; fileRef = 8BEB38D4257AA0D800C24085 /* RunScreenVC.swift */; };
		FC16BFD7256B023E00180942 /* ProgramNewCodeViewModel.xib in Resources */ = {isa = PBXBuildFile; fileRef = FC16BFD6256B023E00180942 /* ProgramNewCodeViewModel.xib */; };
		FC16BFE8256B103C00180942 /* ProgramNewCodeViewModel.swift in Sources */ = {isa = PBXBuildFile; fileRef = FC16BFE7256B103C00180942 /* ProgramNewCodeViewModel.swift */; };
		FC16BFFB256C074D00180942 /* Constants.swift in Sources */ = {isa = PBXBuildFile; fileRef = FC16BFFA256C074C00180942 /* Constants.swift */; };
		FC16C000256C2C1C00180942 /* AssignmentViewModel.xib in Resources */ = {isa = PBXBuildFile; fileRef = FC16BFFF256C2C1C00180942 /* AssignmentViewModel.xib */; };
		FC16C018256C2E9E00180942 /* VariablesViewModel.xib in Resources */ = {isa = PBXBuildFile; fileRef = FC16C017256C2E9E00180942 /* VariablesViewModel.xib */; };
		FC16C01D256C2EBA00180942 /* VariablesViewModel.swift in Sources */ = {isa = PBXBuildFile; fileRef = FC16C01C256C2EBA00180942 /* VariablesViewModel.swift */; };
		FC1FA83B25780CA8008E4B29 /* ProgramDataSource.swift in Sources */ = {isa = PBXBuildFile; fileRef = FC1FA83A25780CA8008E4B29 /* ProgramDataSource.swift */; };
		FC228F68256A56AB00A1A66F /* NavigationMenuBaseController.swift in Sources */ = {isa = PBXBuildFile; fileRef = FC228F67256A56AB00A1A66F /* NavigationMenuBaseController.swift */; };
		FC228F6D256A56C200A1A66F /* TabNavigationMenu.swift in Sources */ = {isa = PBXBuildFile; fileRef = FC228F6C256A56C200A1A66F /* TabNavigationMenu.swift */; };
		FC259E26256FE3B30066E02A /* TutorialCodeScreenVC.swift in Sources */ = {isa = PBXBuildFile; fileRef = FC259E25256FE3B30066E02A /* TutorialCodeScreenVC.swift */; };
		FC259E32256FFF240066E02A /* SavedProgramCodeScreenVC.swift in Sources */ = {isa = PBXBuildFile; fileRef = FC259E31256FFF240066E02A /* SavedProgramCodeScreenVC.swift */; };
		FC57E7E0256FA65100584686 /* TabProtocols.swift in Sources */ = {isa = PBXBuildFile; fileRef = FC57E7DF256FA65100584686 /* TabProtocols.swift */; };
		FC6C0F132580BA0A000596D4 /* SpeechToText.swift in Sources */ = {isa = PBXBuildFile; fileRef = FC6C0F122580BA0A000596D4 /* SpeechToText.swift */; };
		FC6C0F182580BA16000596D4 /* TextToSpeech.swift in Sources */ = {isa = PBXBuildFile; fileRef = FC6C0F172580BA16000596D4 /* TextToSpeech.swift */; };
		FC6C0F1D2580BA3F000596D4 /* Shake.swift in Sources */ = {isa = PBXBuildFile; fileRef = FC6C0F1C2580BA3F000596D4 /* Shake.swift */; };
		FC6C0F222580BA4D000596D4 /* Light.swift in Sources */ = {isa = PBXBuildFile; fileRef = FC6C0F212580BA4D000596D4 /* Light.swift */; };
		FC6C0F272580BA57000596D4 /* Flip.swift in Sources */ = {isa = PBXBuildFile; fileRef = FC6C0F262580BA57000596D4 /* Flip.swift */; };
		FC73841025669D0F00432AC6 /* CodingScreenVC.swift in Sources */ = {isa = PBXBuildFile; fileRef = FC73840F25669D0F00432AC6 /* CodingScreenVC.swift */; };
		FC7384212566A85C00432AC6 /* RemoveAlert.swift in Sources */ = {isa = PBXBuildFile; fileRef = FC7384202566A85C00432AC6 /* RemoveAlert.swift */; };
		FC7384262566A87500432AC6 /* RemoveAlert.xib in Resources */ = {isa = PBXBuildFile; fileRef = FC7384252566A87500432AC6 /* RemoveAlert.xib */; };
		FC7D1D082571817900DD6B4C /* AssignmentAlert.xib in Resources */ = {isa = PBXBuildFile; fileRef = FC7D1D072571817900DD6B4C /* AssignmentAlert.xib */; };
		FC7D1D0D257184C300DD6B4C /* AssignmentAlert.swift in Sources */ = {isa = PBXBuildFile; fileRef = FC7D1D0C257184C300DD6B4C /* AssignmentAlert.swift */; };
		FC80F06B2553584300B5B86B /* StudentApp.storyboard in Resources */ = {isa = PBXBuildFile; fileRef = FC80F06A2553584300B5B86B /* StudentApp.storyboard */; };
		FC80F0752553DCDA00B5B86B /* RegisterVC.swift in Sources */ = {isa = PBXBuildFile; fileRef = FC80F0742553DCDA00B5B86B /* RegisterVC.swift */; };
		FC80F0802553E50800B5B86B /* ForgetPasswordVC.swift in Sources */ = {isa = PBXBuildFile; fileRef = FC80F07F2553E50800B5B86B /* ForgetPasswordVC.swift */; };
		FC80F0852553FC5100B5B86B /* ProgramScreenVC.swift in Sources */ = {isa = PBXBuildFile; fileRef = FC80F0842553FC5100B5B86B /* ProgramScreenVC.swift */; };
		FC96BF6F2576D08B00EA5044 /* AssignmentDataSource.swift in Sources */ = {isa = PBXBuildFile; fileRef = FC96BF6E2576D08B00EA5044 /* AssignmentDataSource.swift */; };
		FC9C42A7254AE8890061E220 /* AppDelegate.swift in Sources */ = {isa = PBXBuildFile; fileRef = FC9C42A6254AE8890061E220 /* AppDelegate.swift */; };
		FC9C42B0254AE88D0061E220 /* Assets.xcassets in Resources */ = {isa = PBXBuildFile; fileRef = FC9C42AF254AE88D0061E220 /* Assets.xcassets */; };
		FC9C42B3254AE88D0061E220 /* LaunchScreen.storyboard in Resources */ = {isa = PBXBuildFile; fileRef = FC9C42B1254AE88D0061E220 /* LaunchScreen.storyboard */; };
		FC9C42BE254AE88D0061E220 /* EmojibleIOSTests.swift in Sources */ = {isa = PBXBuildFile; fileRef = FC9C42BD254AE88D0061E220 /* EmojibleIOSTests.swift */; };
		FC9C42C9254AE88D0061E220 /* EmojibleIOSUITests.swift in Sources */ = {isa = PBXBuildFile; fileRef = FC9C42C8254AE88D0061E220 /* EmojibleIOSUITests.swift */; };
		FCA64FE1257FA02B0010E20D /* Emojis.json in Resources */ = {isa = PBXBuildFile; fileRef = FCA64FE0257FA02B0010E20D /* Emojis.json */; };
		FCA64FEE257FA04C0010E20D /* EmojisIndexes.json in Resources */ = {isa = PBXBuildFile; fileRef = FCA64FED257FA04C0010E20D /* EmojisIndexes.json */; };
		FCA9A490256ECDCE009F81B5 /* SectionHeader.swift in Sources */ = {isa = PBXBuildFile; fileRef = FCA9A48F256ECDCE009F81B5 /* SectionHeader.swift */; };
		FCA9A496256EEBA3009F81B5 /* AssignmentSection.swift in Sources */ = {isa = PBXBuildFile; fileRef = FCA9A495256EEBA3009F81B5 /* AssignmentSection.swift */; };
		FCA9A49B256EEBB3009F81B5 /* VariableSection.swift in Sources */ = {isa = PBXBuildFile; fileRef = FCA9A49A256EEBB3009F81B5 /* VariableSection.swift */; };
		FCBC736D2565C2A4006361F8 /* AddFunctionAlert.swift in Sources */ = {isa = PBXBuildFile; fileRef = FCBC736C2565C2A4006361F8 /* AddFunctionAlert.swift */; };
		FCBC7375256643F1006361F8 /* AddFunctionAlert.xib in Resources */ = {isa = PBXBuildFile; fileRef = FCBC7374256643F1006361F8 /* AddFunctionAlert.xib */; };
		FCBC737D25665C11006361F8 /* ProgramViewModel.swift in Sources */ = {isa = PBXBuildFile; fileRef = FCBC737C25665C11006361F8 /* ProgramViewModel.swift */; };
		FCBC738225665C1F006361F8 /* ProgramViewModel.xib in Resources */ = {isa = PBXBuildFile; fileRef = FCBC738125665C1F006361F8 /* ProgramViewModel.xib */; };
		FCCA5C4C255447CD0018FC6D /* TutorialScreenVC.swift in Sources */ = {isa = PBXBuildFile; fileRef = FCCA5C4B255447CD0018FC6D /* TutorialScreenVC.swift */; };
		FCCA5C54255448180018FC6D /* TutorialViewModel.swift in Sources */ = {isa = PBXBuildFile; fileRef = FCCA5C53255448180018FC6D /* TutorialViewModel.swift */; };
		FCCA5C65255453B10018FC6D /* CodeModel.swift in Sources */ = {isa = PBXBuildFile; fileRef = FCCA5C64255453B00018FC6D /* CodeModel.swift */; };
		FCCA5C6A2554542A0018FC6D /* TutorialDataSource.swift in Sources */ = {isa = PBXBuildFile; fileRef = FCCA5C692554542A0018FC6D /* TutorialDataSource.swift */; };
		FCCA5C74255464AD0018FC6D /* AssignmentScreenVC.swift in Sources */ = {isa = PBXBuildFile; fileRef = FCCA5C73255464AD0018FC6D /* AssignmentScreenVC.swift */; };
		FCCA5C79255469720018FC6D /* AssignmentModels.swift in Sources */ = {isa = PBXBuildFile; fileRef = FCCA5C78255469720018FC6D /* AssignmentModels.swift */; };
/* End PBXBuildFile section */

/* Begin PBXContainerItemProxy section */
		FC9C42BA254AE88D0061E220 /* PBXContainerItemProxy */ = {
			isa = PBXContainerItemProxy;
			containerPortal = FC9C429B254AE8890061E220 /* Project object */;
			proxyType = 1;
			remoteGlobalIDString = FC9C42A2254AE8890061E220;
			remoteInfo = EmojibleIOS;
		};
		FC9C42C5254AE88D0061E220 /* PBXContainerItemProxy */ = {
			isa = PBXContainerItemProxy;
			containerPortal = FC9C429B254AE8890061E220 /* Project object */;
			proxyType = 1;
			remoteGlobalIDString = FC9C42A2254AE8890061E220;
			remoteInfo = EmojibleIOS;
		};
/* End PBXContainerItemProxy section */

/* Begin PBXFileReference section */
		1D955B18504508E5632E8301 /* Pods-EmojibleIOS.release.xcconfig */ = {isa = PBXFileReference; includeInIndex = 1; lastKnownFileType = text.xcconfig; name = "Pods-EmojibleIOS.release.xcconfig"; path = "Target Support Files/Pods-EmojibleIOS/Pods-EmojibleIOS.release.xcconfig"; sourceTree = "<group>"; };
		23FF6DED84E5A8C004E99986 /* Pods-EmojibleIOS-EmojibleIOSUITests.debug.xcconfig */ = {isa = PBXFileReference; includeInIndex = 1; lastKnownFileType = text.xcconfig; name = "Pods-EmojibleIOS-EmojibleIOSUITests.debug.xcconfig"; path = "Target Support Files/Pods-EmojibleIOS-EmojibleIOSUITests/Pods-EmojibleIOS-EmojibleIOSUITests.debug.xcconfig"; sourceTree = "<group>"; };
		41C27A151447E96F1214CC51 /* Pods-EmojibleIOS.debug.xcconfig */ = {isa = PBXFileReference; includeInIndex = 1; lastKnownFileType = text.xcconfig; name = "Pods-EmojibleIOS.debug.xcconfig"; path = "Target Support Files/Pods-EmojibleIOS/Pods-EmojibleIOS.debug.xcconfig"; sourceTree = "<group>"; };
		47122601B612E98EFD6B6D39 /* Pods-EmojibleIOSTests.debug.xcconfig */ = {isa = PBXFileReference; includeInIndex = 1; lastKnownFileType = text.xcconfig; name = "Pods-EmojibleIOSTests.debug.xcconfig"; path = "Target Support Files/Pods-EmojibleIOSTests/Pods-EmojibleIOSTests.debug.xcconfig"; sourceTree = "<group>"; };
		5B503A8BCFA0896294935F97 /* Pods-EmojibleIOS-EmojibleIOSUITests.release.xcconfig */ = {isa = PBXFileReference; includeInIndex = 1; lastKnownFileType = text.xcconfig; name = "Pods-EmojibleIOS-EmojibleIOSUITests.release.xcconfig"; path = "Target Support Files/Pods-EmojibleIOS-EmojibleIOSUITests/Pods-EmojibleIOS-EmojibleIOSUITests.release.xcconfig"; sourceTree = "<group>"; };
		8B02EA452579329F00480AFA /* Token.swift */ = {isa = PBXFileReference; lastKnownFileType = sourcecode.swift; path = Token.swift; sourceTree = "<group>"; };
		8B02EA4A2579331D00480AFA /* Lexer.swift */ = {isa = PBXFileReference; lastKnownFileType = sourcecode.swift; path = Lexer.swift; sourceTree = "<group>"; };
		8B02EA4F2579344E00480AFA /* StringExtensions.swift */ = {isa = PBXFileReference; lastKnownFileType = sourcecode.swift; path = StringExtensions.swift; sourceTree = "<group>"; };
		8B02EA5D25795D9500480AFA /* AST.swift */ = {isa = PBXFileReference; lastKnownFileType = sourcecode.swift; path = AST.swift; sourceTree = "<group>"; };
		8B1597032550658200E3E10A /* AuthenticationStoryboard.storyboard */ = {isa = PBXFileReference; lastKnownFileType = file.storyboard; path = AuthenticationStoryboard.storyboard; sourceTree = "<group>"; };
		8B3E751C255D954F00AAA915 /* AudioPlayer.swift */ = {isa = PBXFileReference; lastKnownFileType = sourcecode.swift; path = AudioPlayer.swift; sourceTree = "<group>"; };
		8B69332B255FE9FB00CE97CB /* TokenType.swift */ = {isa = PBXFileReference; lastKnownFileType = sourcecode.swift; path = TokenType.swift; sourceTree = "<group>"; };
		8B70B1FF255F4E4E00EC3D57 /* FileManager.swift */ = {isa = PBXFileReference; lastKnownFileType = sourcecode.swift; path = FileManager.swift; sourceTree = "<group>"; };
		8B7FF779255C82C30043B0DB /* EmojiAssignmentCoordinator.swift */ = {isa = PBXFileReference; lastKnownFileType = sourcecode.swift; path = EmojiAssignmentCoordinator.swift; sourceTree = "<group>"; };
		8B7FF781255C82CD0043B0DB /* SettingsCoordinator.swift */ = {isa = PBXFileReference; lastKnownFileType = sourcecode.swift; path = SettingsCoordinator.swift; sourceTree = "<group>"; };
		8B7FF786255C82DA0043B0DB /* ClassCoordinator.swift */ = {isa = PBXFileReference; lastKnownFileType = sourcecode.swift; path = ClassCoordinator.swift; sourceTree = "<group>"; };
		8B7FF78B255C82F40043B0DB /* TutorialsCoordinator.swift */ = {isa = PBXFileReference; lastKnownFileType = sourcecode.swift; path = TutorialsCoordinator.swift; sourceTree = "<group>"; };
		8B7FF790255C830A0043B0DB /* ProgramsCoordinator.swift */ = {isa = PBXFileReference; lastKnownFileType = sourcecode.swift; path = ProgramsCoordinator.swift; sourceTree = "<group>"; };
		8B7FF79B255C91740043B0DB /* ClassScreenVC.swift */ = {isa = PBXFileReference; lastKnownFileType = sourcecode.swift; path = ClassScreenVC.swift; sourceTree = "<group>"; };
		8B7FF7A0255C918A0043B0DB /* SettingsScreenVC.swift */ = {isa = PBXFileReference; lastKnownFileType = sourcecode.swift; path = SettingsScreenVC.swift; sourceTree = "<group>"; };
		8B7FF7A5255C93500043B0DB /* UIViewControllerWithAlerts.swift */ = {isa = PBXFileReference; lastKnownFileType = sourcecode.swift; path = UIViewControllerWithAlerts.swift; sourceTree = "<group>"; };
		8B7FF7AD255C936D0043B0DB /* ViewControllerExtensions.swift */ = {isa = PBXFileReference; lastKnownFileType = sourcecode.swift; path = ViewControllerExtensions.swift; sourceTree = "<group>"; };
		8B7FF7D0255CB34F0043B0DB /* CustomDateFormatter.swift */ = {isa = PBXFileReference; lastKnownFileType = sourcecode.swift; path = CustomDateFormatter.swift; sourceTree = "<group>"; };
		8B7FF7E0255CD4CC0043B0DB /* TeacherModel.swift */ = {isa = PBXFileReference; lastKnownFileType = sourcecode.swift; path = TeacherModel.swift; sourceTree = "<group>"; };
		8B7FF7E5255CD4D60043B0DB /* StudentModel.swift */ = {isa = PBXFileReference; lastKnownFileType = sourcecode.swift; path = StudentModel.swift; sourceTree = "<group>"; };
		8B7FF7ED255CD6620043B0DB /* ClassModel.swift */ = {isa = PBXFileReference; lastKnownFileType = sourcecode.swift; path = ClassModel.swift; sourceTree = "<group>"; };
		8B7FF7F2255CE00E0043B0DB /* ClassSignUpVC.swift */ = {isa = PBXFileReference; lastKnownFileType = sourcecode.swift; path = ClassSignUpVC.swift; sourceTree = "<group>"; };
		8B7FF7F8255CE44E0043B0DB /* UserFactory.swift */ = {isa = PBXFileReference; lastKnownFileType = sourcecode.swift; path = UserFactory.swift; sourceTree = "<group>"; };
		8B7FF80E255D4A880043B0DB /* ClassesDataSource.swift */ = {isa = PBXFileReference; lastKnownFileType = sourcecode.swift; path = ClassesDataSource.swift; sourceTree = "<group>"; };
		8B7FF844255D5C220043B0DB /* NotificationExtensions.swift */ = {isa = PBXFileReference; lastKnownFileType = sourcecode.swift; path = NotificationExtensions.swift; sourceTree = "<group>"; };
		8B7FF866255D65580043B0DB /* GlobalMemory.swift */ = {isa = PBXFileReference; lastKnownFileType = sourcecode.swift; path = GlobalMemory.swift; sourceTree = "<group>"; };
		8B7FF871255D68B20043B0DB /* AssignmentViewModel.swift */ = {isa = PBXFileReference; lastKnownFileType = sourcecode.swift; path = AssignmentViewModel.swift; sourceTree = "<group>"; };
		8B8322FF2550571A009C1526 /* UserDataSource.swift */ = {isa = PBXFileReference; lastKnownFileType = sourcecode.swift; path = UserDataSource.swift; sourceTree = "<group>"; };
		8B8323072550583F009C1526 /* LoginVC.swift */ = {isa = PBXFileReference; lastKnownFileType = sourcecode.swift; path = LoginVC.swift; sourceTree = "<group>"; };
		8B9CF22225753B7000743E8E /* GoogleService-Info.plist */ = {isa = PBXFileReference; fileEncoding = 4; lastKnownFileType = text.plist.xml; path = "GoogleService-Info.plist"; sourceTree = "<group>"; };
		8BBD5D15257BF9B70089F2D9 /* RunCodeCoordinator.swift */ = {isa = PBXFileReference; lastKnownFileType = sourcecode.swift; path = RunCodeCoordinator.swift; sourceTree = "<group>"; };
		8BBD5D1B257C05100089F2D9 /* RunScreenVC.xib */ = {isa = PBXFileReference; lastKnownFileType = file.xib; path = RunScreenVC.xib; sourceTree = "<group>"; };
		8BBD5D20257C101C0089F2D9 /* TextFieldExtensions.swift */ = {isa = PBXFileReference; lastKnownFileType = sourcecode.swift; path = TextFieldExtensions.swift; sourceTree = "<group>"; };
		8BBF79BE255F79B2000657E6 /* TutorialViewModel.xib */ = {isa = PBXFileReference; lastKnownFileType = file.xib; path = TutorialViewModel.xib; sourceTree = "<group>"; };
		8BBF79C9255F7A6C000657E6 /* PreviousCodeDataSource.swift */ = {isa = PBXFileReference; lastKnownFileType = sourcecode.swift; path = PreviousCodeDataSource.swift; sourceTree = "<group>"; };
		8BDC8FC5255EAD4000A2E229 /* AddVoiceAlert.swift */ = {isa = PBXFileReference; lastKnownFileType = sourcecode.swift; path = AddVoiceAlert.swift; sourceTree = "<group>"; };
		8BDC8FCD255EAD4B00A2E229 /* AddVoiceAlert.xib */ = {isa = PBXFileReference; lastKnownFileType = file.xib; path = AddVoiceAlert.xib; sourceTree = "<group>"; };
		8BDC8FD2255EAF0400A2E229 /* IBInspectables.swift */ = {isa = PBXFileReference; lastKnownFileType = sourcecode.swift; path = IBInspectables.swift; sourceTree = "<group>"; };
		8BDC8FE6255ECB4F00A2E229 /* CustomAlertViewController.swift */ = {isa = PBXFileReference; lastKnownFileType = sourcecode.swift; path = CustomAlertViewController.swift; sourceTree = "<group>"; };
		8BDC8FEE255ECE4B00A2E229 /* AddTextAlert.swift */ = {isa = PBXFileReference; lastKnownFileType = sourcecode.swift; path = AddTextAlert.swift; sourceTree = "<group>"; };
		8BDC8FF6255ECE5600A2E229 /* AddTextAlert.xib */ = {isa = PBXFileReference; lastKnownFileType = file.xib; path = AddTextAlert.xib; sourceTree = "<group>"; };
		8BDC8FFE255ED05900A2E229 /* EmojiChecker.swift */ = {isa = PBXFileReference; lastKnownFileType = sourcecode.swift; path = EmojiChecker.swift; sourceTree = "<group>"; };
		8BDC9008255ED4FC00A2E229 /* AudioRecorder.swift */ = {isa = PBXFileReference; lastKnownFileType = sourcecode.swift; path = AudioRecorder.swift; sourceTree = "<group>"; };
		8BE90CA92550383800A34B37 /* Coordinated.swift */ = {isa = PBXFileReference; lastKnownFileType = sourcecode.swift; path = Coordinated.swift; sourceTree = "<group>"; };
		8BE90CAE2550384500A34B37 /* Coordinator.swift */ = {isa = PBXFileReference; lastKnownFileType = sourcecode.swift; path = Coordinator.swift; sourceTree = "<group>"; };
		8BE90CB32550387300A34B37 /* AppCoordinator.swift */ = {isa = PBXFileReference; lastKnownFileType = sourcecode.swift; path = AppCoordinator.swift; sourceTree = "<group>"; };
		8BE90CB82550397600A34B37 /* AuthenticationCoordinator.swift */ = {isa = PBXFileReference; lastKnownFileType = sourcecode.swift; path = AuthenticationCoordinator.swift; sourceTree = "<group>"; };
		8BE90CBD2550397E00A34B37 /* StudentCoordinator.swift */ = {isa = PBXFileReference; lastKnownFileType = sourcecode.swift; path = StudentCoordinator.swift; sourceTree = "<group>"; };
		8BE90CC22550398600A34B37 /* TeacherCoordinator.swift */ = {isa = PBXFileReference; lastKnownFileType = sourcecode.swift; path = TeacherCoordinator.swift; sourceTree = "<group>"; };
		8BE90CEE2550410E00A34B37 /* TeacherMainScreenVC.swift */ = {isa = PBXFileReference; lastKnownFileType = sourcecode.swift; path = TeacherMainScreenVC.swift; sourceTree = "<group>"; };
		8BE90D2C2550497700A34B37 /* AuthenticationManager.swift */ = {isa = PBXFileReference; lastKnownFileType = sourcecode.swift; path = AuthenticationManager.swift; sourceTree = "<group>"; };
		8BE90D31255049A200A34B37 /* UserModel.swift */ = {isa = PBXFileReference; lastKnownFileType = sourcecode.swift; path = UserModel.swift; sourceTree = "<group>"; };
		8BEB38C0257A400400C24085 /* ColorModel.swift */ = {isa = PBXFileReference; lastKnownFileType = sourcecode.swift; path = ColorModel.swift; sourceTree = "<group>"; };
		8BEB38C5257A4E4B00C24085 /* Interpreter.swift */ = {isa = PBXFileReference; lastKnownFileType = sourcecode.swift; path = Interpreter.swift; sourceTree = "<group>"; };
		8BEB38CA257A4ECD00C24085 /* Memory.swift */ = {isa = PBXFileReference; lastKnownFileType = sourcecode.swift; path = Memory.swift; sourceTree = "<group>"; };
		8BEB38CF257A80C400C24085 /* Parser.swift */ = {isa = PBXFileReference; lastKnownFileType = sourcecode.swift; path = Parser.swift; sourceTree = "<group>"; };
		8BEB38D4257AA0D800C24085 /* RunScreenVC.swift */ = {isa = PBXFileReference; lastKnownFileType = sourcecode.swift; path = RunScreenVC.swift; sourceTree = "<group>"; };
		ACB4B3DC6E4C1B2127D4149A /* Pods_EmojibleIOS.framework */ = {isa = PBXFileReference; explicitFileType = wrapper.framework; includeInIndex = 0; path = Pods_EmojibleIOS.framework; sourceTree = BUILT_PRODUCTS_DIR; };
		CE1563012F70B3E8FE18560A /* Pods-EmojibleIOSTests.release.xcconfig */ = {isa = PBXFileReference; includeInIndex = 1; lastKnownFileType = text.xcconfig; name = "Pods-EmojibleIOSTests.release.xcconfig"; path = "Target Support Files/Pods-EmojibleIOSTests/Pods-EmojibleIOSTests.release.xcconfig"; sourceTree = "<group>"; };
		D3D7D9561EF32FFC12CF4791 /* Pods_EmojibleIOSTests.framework */ = {isa = PBXFileReference; explicitFileType = wrapper.framework; includeInIndex = 0; path = Pods_EmojibleIOSTests.framework; sourceTree = BUILT_PRODUCTS_DIR; };
		EC757BA39FFEA67639A14484 /* Pods_EmojibleIOS_EmojibleIOSUITests.framework */ = {isa = PBXFileReference; explicitFileType = wrapper.framework; includeInIndex = 0; path = Pods_EmojibleIOS_EmojibleIOSUITests.framework; sourceTree = BUILT_PRODUCTS_DIR; };
		FC16BFD6256B023E00180942 /* ProgramNewCodeViewModel.xib */ = {isa = PBXFileReference; lastKnownFileType = file.xib; path = ProgramNewCodeViewModel.xib; sourceTree = "<group>"; };
		FC16BFE7256B103C00180942 /* ProgramNewCodeViewModel.swift */ = {isa = PBXFileReference; lastKnownFileType = sourcecode.swift; path = ProgramNewCodeViewModel.swift; sourceTree = "<group>"; };
		FC16BFFA256C074C00180942 /* Constants.swift */ = {isa = PBXFileReference; lastKnownFileType = sourcecode.swift; path = Constants.swift; sourceTree = "<group>"; };
		FC16BFFF256C2C1C00180942 /* AssignmentViewModel.xib */ = {isa = PBXFileReference; lastKnownFileType = file.xib; path = AssignmentViewModel.xib; sourceTree = "<group>"; };
		FC16C017256C2E9E00180942 /* VariablesViewModel.xib */ = {isa = PBXFileReference; lastKnownFileType = file.xib; path = VariablesViewModel.xib; sourceTree = "<group>"; };
		FC16C01C256C2EBA00180942 /* VariablesViewModel.swift */ = {isa = PBXFileReference; lastKnownFileType = sourcecode.swift; path = VariablesViewModel.swift; sourceTree = "<group>"; };
		FC1FA83A25780CA8008E4B29 /* ProgramDataSource.swift */ = {isa = PBXFileReference; lastKnownFileType = sourcecode.swift; path = ProgramDataSource.swift; sourceTree = "<group>"; };
		FC228F67256A56AB00A1A66F /* NavigationMenuBaseController.swift */ = {isa = PBXFileReference; lastKnownFileType = sourcecode.swift; path = NavigationMenuBaseController.swift; sourceTree = "<group>"; };
		FC228F6C256A56C200A1A66F /* TabNavigationMenu.swift */ = {isa = PBXFileReference; lastKnownFileType = sourcecode.swift; path = TabNavigationMenu.swift; sourceTree = "<group>"; };
		FC259E25256FE3B30066E02A /* TutorialCodeScreenVC.swift */ = {isa = PBXFileReference; lastKnownFileType = sourcecode.swift; path = TutorialCodeScreenVC.swift; sourceTree = "<group>"; };
		FC259E31256FFF240066E02A /* SavedProgramCodeScreenVC.swift */ = {isa = PBXFileReference; lastKnownFileType = sourcecode.swift; path = SavedProgramCodeScreenVC.swift; sourceTree = "<group>"; };
		FC57E7DF256FA65100584686 /* TabProtocols.swift */ = {isa = PBXFileReference; lastKnownFileType = sourcecode.swift; path = TabProtocols.swift; sourceTree = "<group>"; };
		FC6C0F122580BA0A000596D4 /* SpeechToText.swift */ = {isa = PBXFileReference; lastKnownFileType = sourcecode.swift; path = SpeechToText.swift; sourceTree = "<group>"; };
		FC6C0F172580BA16000596D4 /* TextToSpeech.swift */ = {isa = PBXFileReference; lastKnownFileType = sourcecode.swift; path = TextToSpeech.swift; sourceTree = "<group>"; };
		FC6C0F1C2580BA3F000596D4 /* Shake.swift */ = {isa = PBXFileReference; lastKnownFileType = sourcecode.swift; path = Shake.swift; sourceTree = "<group>"; };
		FC6C0F212580BA4D000596D4 /* Light.swift */ = {isa = PBXFileReference; lastKnownFileType = sourcecode.swift; path = Light.swift; sourceTree = "<group>"; };
		FC6C0F262580BA57000596D4 /* Flip.swift */ = {isa = PBXFileReference; lastKnownFileType = sourcecode.swift; path = Flip.swift; sourceTree = "<group>"; };
		FC73840F25669D0F00432AC6 /* CodingScreenVC.swift */ = {isa = PBXFileReference; lastKnownFileType = sourcecode.swift; path = CodingScreenVC.swift; sourceTree = "<group>"; };
		FC7384202566A85C00432AC6 /* RemoveAlert.swift */ = {isa = PBXFileReference; lastKnownFileType = sourcecode.swift; path = RemoveAlert.swift; sourceTree = "<group>"; };
		FC7384252566A87500432AC6 /* RemoveAlert.xib */ = {isa = PBXFileReference; lastKnownFileType = file.xib; path = RemoveAlert.xib; sourceTree = "<group>"; };
		FC7D1D072571817900DD6B4C /* AssignmentAlert.xib */ = {isa = PBXFileReference; lastKnownFileType = file.xib; path = AssignmentAlert.xib; sourceTree = "<group>"; };
		FC7D1D0C257184C300DD6B4C /* AssignmentAlert.swift */ = {isa = PBXFileReference; lastKnownFileType = sourcecode.swift; path = AssignmentAlert.swift; sourceTree = "<group>"; };
		FC80F06A2553584300B5B86B /* StudentApp.storyboard */ = {isa = PBXFileReference; lastKnownFileType = file.storyboard; path = StudentApp.storyboard; sourceTree = "<group>"; };
		FC80F0742553DCDA00B5B86B /* RegisterVC.swift */ = {isa = PBXFileReference; lastKnownFileType = sourcecode.swift; path = RegisterVC.swift; sourceTree = "<group>"; };
		FC80F07F2553E50800B5B86B /* ForgetPasswordVC.swift */ = {isa = PBXFileReference; lastKnownFileType = sourcecode.swift; path = ForgetPasswordVC.swift; sourceTree = "<group>"; };
		FC80F0842553FC5100B5B86B /* ProgramScreenVC.swift */ = {isa = PBXFileReference; lastKnownFileType = sourcecode.swift; path = ProgramScreenVC.swift; sourceTree = "<group>"; };
		FC96BF6E2576D08B00EA5044 /* AssignmentDataSource.swift */ = {isa = PBXFileReference; lastKnownFileType = sourcecode.swift; path = AssignmentDataSource.swift; sourceTree = "<group>"; };
		FC9C42A3254AE8890061E220 /* EmojibleIOS.app */ = {isa = PBXFileReference; explicitFileType = wrapper.application; includeInIndex = 0; path = EmojibleIOS.app; sourceTree = BUILT_PRODUCTS_DIR; };
		FC9C42A6254AE8890061E220 /* AppDelegate.swift */ = {isa = PBXFileReference; lastKnownFileType = sourcecode.swift; path = AppDelegate.swift; sourceTree = "<group>"; };
		FC9C42AF254AE88D0061E220 /* Assets.xcassets */ = {isa = PBXFileReference; lastKnownFileType = folder.assetcatalog; path = Assets.xcassets; sourceTree = "<group>"; };
		FC9C42B2254AE88D0061E220 /* Base */ = {isa = PBXFileReference; lastKnownFileType = file.storyboard; name = Base; path = Base.lproj/LaunchScreen.storyboard; sourceTree = "<group>"; };
		FC9C42B4254AE88D0061E220 /* Info.plist */ = {isa = PBXFileReference; lastKnownFileType = text.plist.xml; path = Info.plist; sourceTree = "<group>"; };
		FC9C42B9254AE88D0061E220 /* EmojibleIOSTests.xctest */ = {isa = PBXFileReference; explicitFileType = wrapper.cfbundle; includeInIndex = 0; path = EmojibleIOSTests.xctest; sourceTree = BUILT_PRODUCTS_DIR; };
		FC9C42BD254AE88D0061E220 /* EmojibleIOSTests.swift */ = {isa = PBXFileReference; lastKnownFileType = sourcecode.swift; path = EmojibleIOSTests.swift; sourceTree = "<group>"; };
		FC9C42BF254AE88D0061E220 /* Info.plist */ = {isa = PBXFileReference; lastKnownFileType = text.plist.xml; path = Info.plist; sourceTree = "<group>"; };
		FC9C42C4254AE88D0061E220 /* EmojibleIOSUITests.xctest */ = {isa = PBXFileReference; explicitFileType = wrapper.cfbundle; includeInIndex = 0; path = EmojibleIOSUITests.xctest; sourceTree = BUILT_PRODUCTS_DIR; };
		FC9C42C8254AE88D0061E220 /* EmojibleIOSUITests.swift */ = {isa = PBXFileReference; lastKnownFileType = sourcecode.swift; path = EmojibleIOSUITests.swift; sourceTree = "<group>"; };
		FC9C42CA254AE88D0061E220 /* Info.plist */ = {isa = PBXFileReference; lastKnownFileType = text.plist.xml; path = Info.plist; sourceTree = "<group>"; };
		FCA64FE0257FA02B0010E20D /* Emojis.json */ = {isa = PBXFileReference; lastKnownFileType = text.json; path = Emojis.json; sourceTree = "<group>"; };
		FCA64FED257FA04C0010E20D /* EmojisIndexes.json */ = {isa = PBXFileReference; lastKnownFileType = text.json; path = EmojisIndexes.json; sourceTree = "<group>"; };
		FCA9A48F256ECDCE009F81B5 /* SectionHeader.swift */ = {isa = PBXFileReference; lastKnownFileType = sourcecode.swift; path = SectionHeader.swift; sourceTree = "<group>"; };
		FCA9A495256EEBA3009F81B5 /* AssignmentSection.swift */ = {isa = PBXFileReference; lastKnownFileType = sourcecode.swift; path = AssignmentSection.swift; sourceTree = "<group>"; };
		FCA9A49A256EEBB3009F81B5 /* VariableSection.swift */ = {isa = PBXFileReference; lastKnownFileType = sourcecode.swift; path = VariableSection.swift; sourceTree = "<group>"; };
		FCBC736C2565C2A4006361F8 /* AddFunctionAlert.swift */ = {isa = PBXFileReference; lastKnownFileType = sourcecode.swift; path = AddFunctionAlert.swift; sourceTree = "<group>"; };
		FCBC7374256643F1006361F8 /* AddFunctionAlert.xib */ = {isa = PBXFileReference; lastKnownFileType = file.xib; path = AddFunctionAlert.xib; sourceTree = "<group>"; };
		FCBC737C25665C11006361F8 /* ProgramViewModel.swift */ = {isa = PBXFileReference; lastKnownFileType = sourcecode.swift; path = ProgramViewModel.swift; sourceTree = "<group>"; };
		FCBC738125665C1F006361F8 /* ProgramViewModel.xib */ = {isa = PBXFileReference; lastKnownFileType = file.xib; path = ProgramViewModel.xib; sourceTree = "<group>"; };
		FCCA5C4B255447CD0018FC6D /* TutorialScreenVC.swift */ = {isa = PBXFileReference; lastKnownFileType = sourcecode.swift; path = TutorialScreenVC.swift; sourceTree = "<group>"; };
		FCCA5C53255448180018FC6D /* TutorialViewModel.swift */ = {isa = PBXFileReference; lastKnownFileType = sourcecode.swift; path = TutorialViewModel.swift; sourceTree = "<group>"; };
		FCCA5C64255453B00018FC6D /* CodeModel.swift */ = {isa = PBXFileReference; lastKnownFileType = sourcecode.swift; path = CodeModel.swift; sourceTree = "<group>"; };
		FCCA5C692554542A0018FC6D /* TutorialDataSource.swift */ = {isa = PBXFileReference; lastKnownFileType = sourcecode.swift; path = TutorialDataSource.swift; sourceTree = "<group>"; };
		FCCA5C73255464AD0018FC6D /* AssignmentScreenVC.swift */ = {isa = PBXFileReference; lastKnownFileType = sourcecode.swift; path = AssignmentScreenVC.swift; sourceTree = "<group>"; };
		FCCA5C78255469720018FC6D /* AssignmentModels.swift */ = {isa = PBXFileReference; lastKnownFileType = sourcecode.swift; path = AssignmentModels.swift; sourceTree = "<group>"; };
/* End PBXFileReference section */

/* Begin PBXFrameworksBuildPhase section */
		FC9C42A0254AE8890061E220 /* Frameworks */ = {
			isa = PBXFrameworksBuildPhase;
			buildActionMask = 2147483647;
			files = (
				2AE3EC61E30FA63BB8C4E294 /* Pods_EmojibleIOS.framework in Frameworks */,
			);
			runOnlyForDeploymentPostprocessing = 0;
		};
		FC9C42B6254AE88D0061E220 /* Frameworks */ = {
			isa = PBXFrameworksBuildPhase;
			buildActionMask = 2147483647;
			files = (
				32FD13A34D6ED132E86CEE3C /* Pods_EmojibleIOSTests.framework in Frameworks */,
			);
			runOnlyForDeploymentPostprocessing = 0;
		};
		FC9C42C1254AE88D0061E220 /* Frameworks */ = {
			isa = PBXFrameworksBuildPhase;
			buildActionMask = 2147483647;
			files = (
				65062E14112456082CCF35FB /* Pods_EmojibleIOS_EmojibleIOSUITests.framework in Frameworks */,
			);
			runOnlyForDeploymentPostprocessing = 0;
		};
/* End PBXFrameworksBuildPhase section */

/* Begin PBXGroup section */
		62F6CD4B6EF7C633DBE19BED /* Pods */ = {
			isa = PBXGroup;
			children = (
				41C27A151447E96F1214CC51 /* Pods-EmojibleIOS.debug.xcconfig */,
				1D955B18504508E5632E8301 /* Pods-EmojibleIOS.release.xcconfig */,
				23FF6DED84E5A8C004E99986 /* Pods-EmojibleIOS-EmojibleIOSUITests.debug.xcconfig */,
				5B503A8BCFA0896294935F97 /* Pods-EmojibleIOS-EmojibleIOSUITests.release.xcconfig */,
				47122601B612E98EFD6B6D39 /* Pods-EmojibleIOSTests.debug.xcconfig */,
				CE1563012F70B3E8FE18560A /* Pods-EmojibleIOSTests.release.xcconfig */,
			);
			path = Pods;
			sourceTree = "<group>";
		};
		737725952EE88BE151742748 /* Frameworks */ = {
			isa = PBXGroup;
			children = (
				ACB4B3DC6E4C1B2127D4149A /* Pods_EmojibleIOS.framework */,
				EC757BA39FFEA67639A14484 /* Pods_EmojibleIOS_EmojibleIOSUITests.framework */,
				D3D7D9561EF32FFC12CF4791 /* Pods_EmojibleIOSTests.framework */,
			);
			name = Frameworks;
			sourceTree = "<group>";
		};
		8B1597142550672900E3E10A /* ViewControllers */ = {
			isa = PBXGroup;
			children = (
				8B8323072550583F009C1526 /* LoginVC.swift */,
				FC80F0742553DCDA00B5B86B /* RegisterVC.swift */,
				FC80F07F2553E50800B5B86B /* ForgetPasswordVC.swift */,
			);
			path = ViewControllers;
			sourceTree = "<group>";
		};
		8B15971B2550686B00E3E10A /* ViewControllers */ = {
			isa = PBXGroup;
			children = (
				FC73841C25669D3400432AC6 /* ProgramTabViewConroller */,
				FC259E1B256FE1A50066E02A /* TutorialTabViewController */,
				FCA9A4A5256EEE5C009F81B5 /* AssignmentsTabViewController */,
				8B7FF79B255C91740043B0DB /* ClassScreenVC.swift */,
				8B7FF7A0255C918A0043B0DB /* SettingsScreenVC.swift */,
				8B7FF7F2255CE00E0043B0DB /* ClassSignUpVC.swift */,
			);
			path = ViewControllers;
			sourceTree = "<group>";
		};
		8B15971C2550687400E3E10A /* ViewControllers */ = {
			isa = PBXGroup;
			children = (
				8BE90CEE2550410E00A34B37 /* TeacherMainScreenVC.swift */,
			);
			path = ViewControllers;
			sourceTree = "<group>";
		};
		8B3E751B255D952D00AAA915 /* Sensors */ = {
			isa = PBXGroup;
			children = (
				8BDC9004255ED42800A2E229 /* OutputSensors */,
				8BDC9003255ED41B00A2E229 /* InputSensors */,
				FC6C0F122580BA0A000596D4 /* SpeechToText.swift */,
				FC6C0F172580BA16000596D4 /* TextToSpeech.swift */,
				FC6C0F1C2580BA3F000596D4 /* Shake.swift */,
				FC6C0F212580BA4D000596D4 /* Light.swift */,
				FC6C0F262580BA57000596D4 /* Flip.swift */,
			);
			path = Sensors;
			sourceTree = "<group>";
		};
		8B7FF771255C7CDD0043B0DB /* ViewModels */ = {
			isa = PBXGroup;
			children = (
				FC16C015256C2E4800180942 /* ProgramViewModel */,
				FC16C00D256C2DDF00180942 /* TutorialViewModel */,
				FC16C00E256C2DF100180942 /* AssignmentViewModel */,
			);
			path = ViewModels;
			sourceTree = "<group>";
		};
		8B7FF778255C82A90043B0DB /* StudentCoordinatorChildren */ = {
			isa = PBXGroup;
			children = (
				8B7FF78B255C82F40043B0DB /* TutorialsCoordinator.swift */,
				8B7FF779255C82C30043B0DB /* EmojiAssignmentCoordinator.swift */,
				8B7FF790255C830A0043B0DB /* ProgramsCoordinator.swift */,
				8B7FF786255C82DA0043B0DB /* ClassCoordinator.swift */,
				8B7FF781255C82CD0043B0DB /* SettingsCoordinator.swift */,
				8BBD5D15257BF9B70089F2D9 /* RunCodeCoordinator.swift */,
			);
			path = StudentCoordinatorChildren;
			sourceTree = "<group>";
		};
		8B7FF7F7255CE43C0043B0DB /* ModelFactories */ = {
			isa = PBXGroup;
			children = (
				8B7FF7F8255CE44E0043B0DB /* UserFactory.swift */,
			);
			path = ModelFactories;
			sourceTree = "<group>";
		};
		8B7FF865255D653F0043B0DB /* Interpreter */ = {
			isa = PBXGroup;
			children = (
				8BDC8FFE255ED05900A2E229 /* EmojiChecker.swift */,
				8B7FF866255D65580043B0DB /* GlobalMemory.swift */,
				8B69332B255FE9FB00CE97CB /* TokenType.swift */,
				8B02EA452579329F00480AFA /* Token.swift */,
				8B02EA4A2579331D00480AFA /* Lexer.swift */,
				8B02EA5D25795D9500480AFA /* AST.swift */,
				8BEB38C5257A4E4B00C24085 /* Interpreter.swift */,
				8BEB38CA257A4ECD00C24085 /* Memory.swift */,
				8BEB38CF257A80C400C24085 /* Parser.swift */,
			);
			path = Interpreter;
			sourceTree = "<group>";
		};
		8BBD5D1A257C04FA0089F2D9 /* RunScreen */ = {
			isa = PBXGroup;
			children = (
				8BEB38D4257AA0D800C24085 /* RunScreenVC.swift */,
				8BBD5D1B257C05100089F2D9 /* RunScreenVC.xib */,
			);
			path = RunScreen;
			sourceTree = "<group>";
		};
		8BDC8FC4255EAD2D00A2E229 /* Reusables & Helpers */ = {
			isa = PBXGroup;
			children = (
				8BDC8FE6255ECB4F00A2E229 /* CustomAlertViewController.swift */,
				8BDC8FC5255EAD4000A2E229 /* AddVoiceAlert.swift */,
				8BDC8FCD255EAD4B00A2E229 /* AddVoiceAlert.xib */,
				8BDC8FEE255ECE4B00A2E229 /* AddTextAlert.swift */,
				8BDC8FF6255ECE5600A2E229 /* AddTextAlert.xib */,
				FCBC736C2565C2A4006361F8 /* AddFunctionAlert.swift */,
				FCBC7374256643F1006361F8 /* AddFunctionAlert.xib */,
				8BDC8FD2255EAF0400A2E229 /* IBInspectables.swift */,
				FC7384202566A85C00432AC6 /* RemoveAlert.swift */,
				FC7384252566A87500432AC6 /* RemoveAlert.xib */,
				FC7D1D0C257184C300DD6B4C /* AssignmentAlert.swift */,
				FC7D1D072571817900DD6B4C /* AssignmentAlert.xib */,
				FC16BFFA256C074C00180942 /* Constants.swift */,
			);
			path = "Reusables & Helpers";
			sourceTree = "<group>";
		};
		8BDC9003255ED41B00A2E229 /* InputSensors */ = {
			isa = PBXGroup;
			children = (
				8BDC9008255ED4FC00A2E229 /* AudioRecorder.swift */,
			);
			path = InputSensors;
			sourceTree = "<group>";
		};
		8BDC9004255ED42800A2E229 /* OutputSensors */ = {
			isa = PBXGroup;
			children = (
				8B3E751C255D954F00AAA915 /* AudioPlayer.swift */,
			);
			path = OutputSensors;
			sourceTree = "<group>";
		};
		8BE90CA1255037A000A34B37 /* Default Files */ = {
			isa = PBXGroup;
			children = (
				8B9CF22225753B7000743E8E /* GoogleService-Info.plist */,
				FC9C42A6254AE8890061E220 /* AppDelegate.swift */,
				FC9C42AF254AE88D0061E220 /* Assets.xcassets */,
				FC9C42B1254AE88D0061E220 /* LaunchScreen.storyboard */,
				FC9C42B4254AE88D0061E220 /* Info.plist */,
			);
			name = "Default Files";
			sourceTree = "<group>";
		};
		8BE90CA2255037CD00A34B37 /* Models */ = {
			isa = PBXGroup;
			children = (
				8B7FF7F7255CE43C0043B0DB /* ModelFactories */,
				FCCA5C78255469720018FC6D /* AssignmentModels.swift */,
				8BE90D31255049A200A34B37 /* UserModel.swift */,
				8B7FF7E0255CD4CC0043B0DB /* TeacherModel.swift */,
				8B7FF7E5255CD4D60043B0DB /* StudentModel.swift */,
				FCCA5C64255453B00018FC6D /* CodeModel.swift */,
				8B7FF7ED255CD6620043B0DB /* ClassModel.swift */,
				8BEB38C0257A400400C24085 /* ColorModel.swift */,
			);
			path = Models;
			sourceTree = "<group>";
		};
		8BE90CA3255037D100A34B37 /* Services */ = {
			isa = PBXGroup;
			children = (
				8B3E751B255D952D00AAA915 /* Sensors */,
				8BE90D2C2550497700A34B37 /* AuthenticationManager.swift */,
				8B7FF7D0255CB34F0043B0DB /* CustomDateFormatter.swift */,
				8B70B1FF255F4E4E00EC3D57 /* FileManager.swift */,
			);
			path = Services;
			sourceTree = "<group>";
		};
		8BE90CA4255037D800A34B37 /* Scenes */ = {
			isa = PBXGroup;
			children = (
				8BE90CDC25503F9B00A34B37 /* AuthenticationCoordinatorScenes */,
				8BE90CDA25503F7E00A34B37 /* StudentCoordinatorScenes */,
				8BE90CDB25503F8E00A34B37 /* TeacherCoordinatorScenes */,
			);
			path = Scenes;
			sourceTree = "<group>";
		};
		8BE90CA6255037FA00A34B37 /* DataSources */ = {
			isa = PBXGroup;
			children = (
				8B8322FF2550571A009C1526 /* UserDataSource.swift */,
				FCCA5C692554542A0018FC6D /* TutorialDataSource.swift */,
				8B7FF80E255D4A880043B0DB /* ClassesDataSource.swift */,
				8BBF79C9255F7A6C000657E6 /* PreviousCodeDataSource.swift */,
				FC96BF6E2576D08B00EA5044 /* AssignmentDataSource.swift */,
				FC1FA83A25780CA8008E4B29 /* ProgramDataSource.swift */,
			);
			path = DataSources;
			sourceTree = "<group>";
		};
		8BE90CA72550380100A34B37 /* Protocols & Extensions */ = {
			isa = PBXGroup;
			children = (
				8BE90CA92550383800A34B37 /* Coordinated.swift */,
				8BE90CAE2550384500A34B37 /* Coordinator.swift */,
				8B7FF7A5255C93500043B0DB /* UIViewControllerWithAlerts.swift */,
				8B7FF7AD255C936D0043B0DB /* ViewControllerExtensions.swift */,
				8B7FF844255D5C220043B0DB /* NotificationExtensions.swift */,
				FC57E7DF256FA65100584686 /* TabProtocols.swift */,
				8B02EA4F2579344E00480AFA /* StringExtensions.swift */,
				8BBD5D20257C101C0089F2D9 /* TextFieldExtensions.swift */,
			);
			path = "Protocols & Extensions";
			sourceTree = "<group>";
		};
		8BE90CA82550380C00A34B37 /* Coordinators */ = {
			isa = PBXGroup;
			children = (
				8B7FF778255C82A90043B0DB /* StudentCoordinatorChildren */,
				8BE90CB32550387300A34B37 /* AppCoordinator.swift */,
				8BE90CB82550397600A34B37 /* AuthenticationCoordinator.swift */,
				8BE90CBD2550397E00A34B37 /* StudentCoordinator.swift */,
				8BE90CC22550398600A34B37 /* TeacherCoordinator.swift */,
			);
			path = Coordinators;
			sourceTree = "<group>";
		};
		8BE90CDA25503F7E00A34B37 /* StudentCoordinatorScenes */ = {
			isa = PBXGroup;
			children = (
				FC80F06A2553584300B5B86B /* StudentApp.storyboard */,
				8BBD5D1A257C04FA0089F2D9 /* RunScreen */,
				FC228F66256A567000A1A66F /* StudentNavigationMenu */,
				8B7FF771255C7CDD0043B0DB /* ViewModels */,
				8B15971B2550686B00E3E10A /* ViewControllers */,
			);
			path = StudentCoordinatorScenes;
			sourceTree = "<group>";
		};
		8BE90CDB25503F8E00A34B37 /* TeacherCoordinatorScenes */ = {
			isa = PBXGroup;
			children = (
				8B15971C2550687400E3E10A /* ViewControllers */,
			);
			path = TeacherCoordinatorScenes;
			sourceTree = "<group>";
		};
		8BE90CDC25503F9B00A34B37 /* AuthenticationCoordinatorScenes */ = {
			isa = PBXGroup;
			children = (
				8B1597032550658200E3E10A /* AuthenticationStoryboard.storyboard */,
				8B1597142550672900E3E10A /* ViewControllers */,
			);
			path = AuthenticationCoordinatorScenes;
			sourceTree = "<group>";
		};
		FC16C00D256C2DDF00180942 /* TutorialViewModel */ = {
			isa = PBXGroup;
			children = (
				FCCA5C53255448180018FC6D /* TutorialViewModel.swift */,
				8BBF79BE255F79B2000657E6 /* TutorialViewModel.xib */,
			);
			path = TutorialViewModel;
			sourceTree = "<group>";
		};
		FC16C00E256C2DF100180942 /* AssignmentViewModel */ = {
			isa = PBXGroup;
			children = (
				8B7FF871255D68B20043B0DB /* AssignmentViewModel.swift */,
				FC16BFFF256C2C1C00180942 /* AssignmentViewModel.xib */,
				FC16C01C256C2EBA00180942 /* VariablesViewModel.swift */,
				FC16C017256C2E9E00180942 /* VariablesViewModel.xib */,
			);
			path = AssignmentViewModel;
			sourceTree = "<group>";
		};
		FC16C015256C2E4800180942 /* ProgramViewModel */ = {
			isa = PBXGroup;
			children = (
				FCBC737C25665C11006361F8 /* ProgramViewModel.swift */,
				FCBC738125665C1F006361F8 /* ProgramViewModel.xib */,
				FC16BFE7256B103C00180942 /* ProgramNewCodeViewModel.swift */,
				FC16BFD6256B023E00180942 /* ProgramNewCodeViewModel.xib */,
			);
			path = ProgramViewModel;
			sourceTree = "<group>";
		};
		FC228F66256A567000A1A66F /* StudentNavigationMenu */ = {
			isa = PBXGroup;
			children = (
				FC228F67256A56AB00A1A66F /* NavigationMenuBaseController.swift */,
				FC228F6C256A56C200A1A66F /* TabNavigationMenu.swift */,
			);
			path = StudentNavigationMenu;
			sourceTree = "<group>";
		};
		FC259E1B256FE1A50066E02A /* TutorialTabViewController */ = {
			isa = PBXGroup;
			children = (
				FCCA5C4B255447CD0018FC6D /* TutorialScreenVC.swift */,
				FC259E25256FE3B30066E02A /* TutorialCodeScreenVC.swift */,
			);
			path = TutorialTabViewController;
			sourceTree = "<group>";
		};
		FC73841C25669D3400432AC6 /* ProgramTabViewConroller */ = {
			isa = PBXGroup;
			children = (
				FC80F0842553FC5100B5B86B /* ProgramScreenVC.swift */,
				FC73840F25669D0F00432AC6 /* CodingScreenVC.swift */,
				FC259E31256FFF240066E02A /* SavedProgramCodeScreenVC.swift */,
			);
			path = ProgramTabViewConroller;
			sourceTree = "<group>";
		};
		FC9C429A254AE8890061E220 = {
			isa = PBXGroup;
			children = (
				FC9C42A5254AE8890061E220 /* EmojibleIOS */,
				FC9C42BC254AE88D0061E220 /* EmojibleIOSTests */,
				FC9C42C7254AE88D0061E220 /* EmojibleIOSUITests */,
				FC9C42A4254AE8890061E220 /* Products */,
				62F6CD4B6EF7C633DBE19BED /* Pods */,
				737725952EE88BE151742748 /* Frameworks */,
			);
			sourceTree = "<group>";
		};
		FC9C42A4254AE8890061E220 /* Products */ = {
			isa = PBXGroup;
			children = (
				FC9C42A3254AE8890061E220 /* EmojibleIOS.app */,
				FC9C42B9254AE88D0061E220 /* EmojibleIOSTests.xctest */,
				FC9C42C4254AE88D0061E220 /* EmojibleIOSUITests.xctest */,
			);
			name = Products;
			sourceTree = "<group>";
		};
		FC9C42A5254AE8890061E220 /* EmojibleIOS */ = {
			isa = PBXGroup;
			children = (
				8BE90CA82550380C00A34B37 /* Coordinators */,
				8BE90CA72550380100A34B37 /* Protocols & Extensions */,
				8BE90CA6255037FA00A34B37 /* DataSources */,
				8BE90CA4255037D800A34B37 /* Scenes */,
				8BE90CA3255037D100A34B37 /* Services */,
				8BDC8FC4255EAD2D00A2E229 /* Reusables & Helpers */,
				8BE90CA2255037CD00A34B37 /* Models */,
				FCA64FDF257FA00F0010E20D /* StaticData */,
				8B7FF865255D653F0043B0DB /* Interpreter */,
				8BE90CA1255037A000A34B37 /* Default Files */,
			);
			path = EmojibleIOS;
			sourceTree = "<group>";
		};
		FC9C42BC254AE88D0061E220 /* EmojibleIOSTests */ = {
			isa = PBXGroup;
			children = (
				FC9C42BD254AE88D0061E220 /* EmojibleIOSTests.swift */,
				FC9C42BF254AE88D0061E220 /* Info.plist */,
			);
			path = EmojibleIOSTests;
			sourceTree = "<group>";
		};
		FC9C42C7254AE88D0061E220 /* EmojibleIOSUITests */ = {
			isa = PBXGroup;
			children = (
				FC9C42C8254AE88D0061E220 /* EmojibleIOSUITests.swift */,
				FC9C42CA254AE88D0061E220 /* Info.plist */,
			);
			path = EmojibleIOSUITests;
			sourceTree = "<group>";
		};
		FCA64FDF257FA00F0010E20D /* StaticData */ = {
			isa = PBXGroup;
			children = (
				FCA64FE0257FA02B0010E20D /* Emojis.json */,
				FCA64FED257FA04C0010E20D /* EmojisIndexes.json */,
			);
			path = StaticData;
			sourceTree = "<group>";
		};
		FCA9A4A5256EEE5C009F81B5 /* AssignmentsTabViewController */ = {
			isa = PBXGroup;
			children = (
				FCCA5C73255464AD0018FC6D /* AssignmentScreenVC.swift */,
				FCA9A4A6256EEE75009F81B5 /* Helpers */,
			);
			path = AssignmentsTabViewController;
			sourceTree = "<group>";
		};
		FCA9A4A6256EEE75009F81B5 /* Helpers */ = {
			isa = PBXGroup;
			children = (
				FCA9A48F256ECDCE009F81B5 /* SectionHeader.swift */,
				FCA9A495256EEBA3009F81B5 /* AssignmentSection.swift */,
				FCA9A49A256EEBB3009F81B5 /* VariableSection.swift */,
			);
			path = Helpers;
			sourceTree = "<group>";
		};
/* End PBXGroup section */

/* Begin PBXNativeTarget section */
		FC9C42A2254AE8890061E220 /* EmojibleIOS */ = {
			isa = PBXNativeTarget;
			buildConfigurationList = FC9C42CD254AE88D0061E220 /* Build configuration list for PBXNativeTarget "EmojibleIOS" */;
			buildPhases = (
				7DD897A91B9557EFB285F30D /* [CP] Check Pods Manifest.lock */,
				FC9C429F254AE8890061E220 /* Sources */,
				FC9C42A0254AE8890061E220 /* Frameworks */,
				FC9C42A1254AE8890061E220 /* Resources */,
				4EB24B4100DEAB725437AE59 /* [CP] Embed Pods Frameworks */,
			);
			buildRules = (
			);
			dependencies = (
			);
			name = EmojibleIOS;
			productName = EmojibleIOS;
			productReference = FC9C42A3254AE8890061E220 /* EmojibleIOS.app */;
			productType = "com.apple.product-type.application";
		};
		FC9C42B8254AE88D0061E220 /* EmojibleIOSTests */ = {
			isa = PBXNativeTarget;
			buildConfigurationList = FC9C42D0254AE88D0061E220 /* Build configuration list for PBXNativeTarget "EmojibleIOSTests" */;
			buildPhases = (
				93875A9D80746FBF6621A5DE /* [CP] Check Pods Manifest.lock */,
				FC9C42B5254AE88D0061E220 /* Sources */,
				FC9C42B6254AE88D0061E220 /* Frameworks */,
				FC9C42B7254AE88D0061E220 /* Resources */,
			);
			buildRules = (
			);
			dependencies = (
				FC9C42BB254AE88D0061E220 /* PBXTargetDependency */,
			);
			name = EmojibleIOSTests;
			productName = EmojibleIOSTests;
			productReference = FC9C42B9254AE88D0061E220 /* EmojibleIOSTests.xctest */;
			productType = "com.apple.product-type.bundle.unit-test";
		};
		FC9C42C3254AE88D0061E220 /* EmojibleIOSUITests */ = {
			isa = PBXNativeTarget;
			buildConfigurationList = FC9C42D3254AE88D0061E220 /* Build configuration list for PBXNativeTarget "EmojibleIOSUITests" */;
			buildPhases = (
				CCD6C56FC077B0A615D81162 /* [CP] Check Pods Manifest.lock */,
				FC9C42C0254AE88D0061E220 /* Sources */,
				FC9C42C1254AE88D0061E220 /* Frameworks */,
				FC9C42C2254AE88D0061E220 /* Resources */,
				D0018C8C93B39B09057D20D1 /* [CP] Embed Pods Frameworks */,
			);
			buildRules = (
			);
			dependencies = (
				FC9C42C6254AE88D0061E220 /* PBXTargetDependency */,
			);
			name = EmojibleIOSUITests;
			productName = EmojibleIOSUITests;
			productReference = FC9C42C4254AE88D0061E220 /* EmojibleIOSUITests.xctest */;
			productType = "com.apple.product-type.bundle.ui-testing";
		};
/* End PBXNativeTarget section */

/* Begin PBXProject section */
		FC9C429B254AE8890061E220 /* Project object */ = {
			isa = PBXProject;
			attributes = {
				LastSwiftUpdateCheck = 1200;
				LastUpgradeCheck = 1200;
				TargetAttributes = {
					FC9C42A2254AE8890061E220 = {
						CreatedOnToolsVersion = 12.0.1;
					};
					FC9C42B8254AE88D0061E220 = {
						CreatedOnToolsVersion = 12.0.1;
						TestTargetID = FC9C42A2254AE8890061E220;
					};
					FC9C42C3254AE88D0061E220 = {
						CreatedOnToolsVersion = 12.0.1;
						TestTargetID = FC9C42A2254AE8890061E220;
					};
				};
			};
			buildConfigurationList = FC9C429E254AE8890061E220 /* Build configuration list for PBXProject "EmojibleIOS" */;
			compatibilityVersion = "Xcode 9.3";
			developmentRegion = en;
			hasScannedForEncodings = 0;
			knownRegions = (
				en,
				Base,
			);
			mainGroup = FC9C429A254AE8890061E220;
			productRefGroup = FC9C42A4254AE8890061E220 /* Products */;
			projectDirPath = "";
			projectRoot = "";
			targets = (
				FC9C42A2254AE8890061E220 /* EmojibleIOS */,
				FC9C42B8254AE88D0061E220 /* EmojibleIOSTests */,
				FC9C42C3254AE88D0061E220 /* EmojibleIOSUITests */,
			);
		};
/* End PBXProject section */

/* Begin PBXResourcesBuildPhase section */
		FC9C42A1254AE8890061E220 /* Resources */ = {
			isa = PBXResourcesBuildPhase;
			buildActionMask = 2147483647;
			files = (
				8BBD5D1C257C05100089F2D9 /* RunScreenVC.xib in Resources */,
				FCA64FEE257FA04C0010E20D /* EmojisIndexes.json in Resources */,
				FC16C018256C2E9E00180942 /* VariablesViewModel.xib in Resources */,
				FC9C42B3254AE88D0061E220 /* LaunchScreen.storyboard in Resources */,
				8BBF79BF255F79B2000657E6 /* TutorialViewModel.xib in Resources */,
				FC9C42B0254AE88D0061E220 /* Assets.xcassets in Resources */,
				FC7D1D082571817900DD6B4C /* AssignmentAlert.xib in Resources */,
				FCA64FE1257FA02B0010E20D /* Emojis.json in Resources */,
				8B1597042550658200E3E10A /* AuthenticationStoryboard.storyboard in Resources */,
				FC80F06B2553584300B5B86B /* StudentApp.storyboard in Resources */,
				8BDC8FCE255EAD4B00A2E229 /* AddVoiceAlert.xib in Resources */,
				FC16BFD7256B023E00180942 /* ProgramNewCodeViewModel.xib in Resources */,
				8B9CF22325753B7000743E8E /* GoogleService-Info.plist in Resources */,
				FCBC738225665C1F006361F8 /* ProgramViewModel.xib in Resources */,
				FCBC7375256643F1006361F8 /* AddFunctionAlert.xib in Resources */,
				FC7384262566A87500432AC6 /* RemoveAlert.xib in Resources */,
				FC16C000256C2C1C00180942 /* AssignmentViewModel.xib in Resources */,
				8BDC8FF7255ECE5600A2E229 /* AddTextAlert.xib in Resources */,
			);
			runOnlyForDeploymentPostprocessing = 0;
		};
		FC9C42B7254AE88D0061E220 /* Resources */ = {
			isa = PBXResourcesBuildPhase;
			buildActionMask = 2147483647;
			files = (
			);
			runOnlyForDeploymentPostprocessing = 0;
		};
		FC9C42C2254AE88D0061E220 /* Resources */ = {
			isa = PBXResourcesBuildPhase;
			buildActionMask = 2147483647;
			files = (
			);
			runOnlyForDeploymentPostprocessing = 0;
		};
/* End PBXResourcesBuildPhase section */

/* Begin PBXShellScriptBuildPhase section */
		4EB24B4100DEAB725437AE59 /* [CP] Embed Pods Frameworks */ = {
			isa = PBXShellScriptBuildPhase;
			buildActionMask = 2147483647;
			files = (
			);
			inputFileListPaths = (
				"${PODS_ROOT}/Target Support Files/Pods-EmojibleIOS/Pods-EmojibleIOS-frameworks-${CONFIGURATION}-input-files.xcfilelist",
			);
			name = "[CP] Embed Pods Frameworks";
			outputFileListPaths = (
				"${PODS_ROOT}/Target Support Files/Pods-EmojibleIOS/Pods-EmojibleIOS-frameworks-${CONFIGURATION}-output-files.xcfilelist",
			);
			runOnlyForDeploymentPostprocessing = 0;
			shellPath = /bin/sh;
			shellScript = "\"${PODS_ROOT}/Target Support Files/Pods-EmojibleIOS/Pods-EmojibleIOS-frameworks.sh\"\n";
			showEnvVarsInLog = 0;
		};
		7DD897A91B9557EFB285F30D /* [CP] Check Pods Manifest.lock */ = {
			isa = PBXShellScriptBuildPhase;
			buildActionMask = 2147483647;
			files = (
			);
			inputFileListPaths = (
			);
			inputPaths = (
				"${PODS_PODFILE_DIR_PATH}/Podfile.lock",
				"${PODS_ROOT}/Manifest.lock",
			);
			name = "[CP] Check Pods Manifest.lock";
			outputFileListPaths = (
			);
			outputPaths = (
				"$(DERIVED_FILE_DIR)/Pods-EmojibleIOS-checkManifestLockResult.txt",
			);
			runOnlyForDeploymentPostprocessing = 0;
			shellPath = /bin/sh;
			shellScript = "diff \"${PODS_PODFILE_DIR_PATH}/Podfile.lock\" \"${PODS_ROOT}/Manifest.lock\" > /dev/null\nif [ $? != 0 ] ; then\n    # print error to STDERR\n    echo \"error: The sandbox is not in sync with the Podfile.lock. Run 'pod install' or update your CocoaPods installation.\" >&2\n    exit 1\nfi\n# This output is used by Xcode 'outputs' to avoid re-running this script phase.\necho \"SUCCESS\" > \"${SCRIPT_OUTPUT_FILE_0}\"\n";
			showEnvVarsInLog = 0;
		};
		93875A9D80746FBF6621A5DE /* [CP] Check Pods Manifest.lock */ = {
			isa = PBXShellScriptBuildPhase;
			buildActionMask = 2147483647;
			files = (
			);
			inputFileListPaths = (
			);
			inputPaths = (
				"${PODS_PODFILE_DIR_PATH}/Podfile.lock",
				"${PODS_ROOT}/Manifest.lock",
			);
			name = "[CP] Check Pods Manifest.lock";
			outputFileListPaths = (
			);
			outputPaths = (
				"$(DERIVED_FILE_DIR)/Pods-EmojibleIOSTests-checkManifestLockResult.txt",
			);
			runOnlyForDeploymentPostprocessing = 0;
			shellPath = /bin/sh;
			shellScript = "diff \"${PODS_PODFILE_DIR_PATH}/Podfile.lock\" \"${PODS_ROOT}/Manifest.lock\" > /dev/null\nif [ $? != 0 ] ; then\n    # print error to STDERR\n    echo \"error: The sandbox is not in sync with the Podfile.lock. Run 'pod install' or update your CocoaPods installation.\" >&2\n    exit 1\nfi\n# This output is used by Xcode 'outputs' to avoid re-running this script phase.\necho \"SUCCESS\" > \"${SCRIPT_OUTPUT_FILE_0}\"\n";
			showEnvVarsInLog = 0;
		};
		CCD6C56FC077B0A615D81162 /* [CP] Check Pods Manifest.lock */ = {
			isa = PBXShellScriptBuildPhase;
			buildActionMask = 2147483647;
			files = (
			);
			inputFileListPaths = (
			);
			inputPaths = (
				"${PODS_PODFILE_DIR_PATH}/Podfile.lock",
				"${PODS_ROOT}/Manifest.lock",
			);
			name = "[CP] Check Pods Manifest.lock";
			outputFileListPaths = (
			);
			outputPaths = (
				"$(DERIVED_FILE_DIR)/Pods-EmojibleIOS-EmojibleIOSUITests-checkManifestLockResult.txt",
			);
			runOnlyForDeploymentPostprocessing = 0;
			shellPath = /bin/sh;
			shellScript = "diff \"${PODS_PODFILE_DIR_PATH}/Podfile.lock\" \"${PODS_ROOT}/Manifest.lock\" > /dev/null\nif [ $? != 0 ] ; then\n    # print error to STDERR\n    echo \"error: The sandbox is not in sync with the Podfile.lock. Run 'pod install' or update your CocoaPods installation.\" >&2\n    exit 1\nfi\n# This output is used by Xcode 'outputs' to avoid re-running this script phase.\necho \"SUCCESS\" > \"${SCRIPT_OUTPUT_FILE_0}\"\n";
			showEnvVarsInLog = 0;
		};
		D0018C8C93B39B09057D20D1 /* [CP] Embed Pods Frameworks */ = {
			isa = PBXShellScriptBuildPhase;
			buildActionMask = 2147483647;
			files = (
			);
			inputFileListPaths = (
				"${PODS_ROOT}/Target Support Files/Pods-EmojibleIOS-EmojibleIOSUITests/Pods-EmojibleIOS-EmojibleIOSUITests-frameworks-${CONFIGURATION}-input-files.xcfilelist",
			);
			name = "[CP] Embed Pods Frameworks";
			outputFileListPaths = (
				"${PODS_ROOT}/Target Support Files/Pods-EmojibleIOS-EmojibleIOSUITests/Pods-EmojibleIOS-EmojibleIOSUITests-frameworks-${CONFIGURATION}-output-files.xcfilelist",
			);
			runOnlyForDeploymentPostprocessing = 0;
			shellPath = /bin/sh;
			shellScript = "\"${PODS_ROOT}/Target Support Files/Pods-EmojibleIOS-EmojibleIOSUITests/Pods-EmojibleIOS-EmojibleIOSUITests-frameworks.sh\"\n";
			showEnvVarsInLog = 0;
		};
/* End PBXShellScriptBuildPhase section */

/* Begin PBXSourcesBuildPhase section */
		FC9C429F254AE8890061E220 /* Sources */ = {
			isa = PBXSourcesBuildPhase;
			buildActionMask = 2147483647;
			files = (
				8B7FF782255C82CD0043B0DB /* SettingsCoordinator.swift in Sources */,
				8B02EA462579329F00480AFA /* Token.swift in Sources */,
				8B7FF7D1255CB34F0043B0DB /* CustomDateFormatter.swift in Sources */,
				8B7FF80F255D4A880043B0DB /* ClassesDataSource.swift in Sources */,
				8BBD5D21257C101C0089F2D9 /* TextFieldExtensions.swift in Sources */,
				8B7FF7A1255C918A0043B0DB /* SettingsScreenVC.swift in Sources */,
				8BBF79CA255F7A6C000657E6 /* PreviousCodeDataSource.swift in Sources */,
				FC7D1D0D257184C300DD6B4C /* AssignmentAlert.swift in Sources */,
				FCCA5C4C255447CD0018FC6D /* TutorialScreenVC.swift in Sources */,
				8BDC9009255ED4FC00A2E229 /* AudioRecorder.swift in Sources */,
				8BE90D32255049A200A34B37 /* UserModel.swift in Sources */,
				8BDC8FEF255ECE4B00A2E229 /* AddTextAlert.swift in Sources */,
				8B02EA5E25795D9500480AFA /* AST.swift in Sources */,
				FC6C0F222580BA4D000596D4 /* Light.swift in Sources */,
				FC6C0F132580BA0A000596D4 /* SpeechToText.swift in Sources */,
				8B69332C255FE9FB00CE97CB /* TokenType.swift in Sources */,
				8B7FF7EE255CD6620043B0DB /* ClassModel.swift in Sources */,
				FC80F0752553DCDA00B5B86B /* RegisterVC.swift in Sources */,
				8BDC8FD3255EAF0400A2E229 /* IBInspectables.swift in Sources */,
				8B7FF7A6255C93500043B0DB /* UIViewControllerWithAlerts.swift in Sources */,
				8BDC8FE7255ECB4F00A2E229 /* CustomAlertViewController.swift in Sources */,
				8B7FF845255D5C220043B0DB /* NotificationExtensions.swift in Sources */,
				8B7FF7E1255CD4CC0043B0DB /* TeacherModel.swift in Sources */,
				FC57E7E0256FA65100584686 /* TabProtocols.swift in Sources */,
				8BE90CBE2550397E00A34B37 /* StudentCoordinator.swift in Sources */,
				FC6C0F1D2580BA3F000596D4 /* Shake.swift in Sources */,
				8BE90CB92550397600A34B37 /* AuthenticationCoordinator.swift in Sources */,
				FC96BF6F2576D08B00EA5044 /* AssignmentDataSource.swift in Sources */,
				8BDC8FC6255EAD4000A2E229 /* AddVoiceAlert.swift in Sources */,
				8BE90CEF2550410E00A34B37 /* TeacherMainScreenVC.swift in Sources */,
				FC228F68256A56AB00A1A66F /* NavigationMenuBaseController.swift in Sources */,
				8B02EA4B2579331D00480AFA /* Lexer.swift in Sources */,
				8B7FF867255D65580043B0DB /* GlobalMemory.swift in Sources */,
				FCA9A490256ECDCE009F81B5 /* SectionHeader.swift in Sources */,
				8B7FF77A255C82C30043B0DB /* EmojiAssignmentCoordinator.swift in Sources */,
				FC1FA83B25780CA8008E4B29 /* ProgramDataSource.swift in Sources */,
				8BEB38CB257A4ECD00C24085 /* Memory.swift in Sources */,
				8BE90CAF2550384500A34B37 /* Coordinator.swift in Sources */,
				8BEB38D0257A80C400C24085 /* Parser.swift in Sources */,
				8B8323082550583F009C1526 /* LoginVC.swift in Sources */,
				FC228F6D256A56C200A1A66F /* TabNavigationMenu.swift in Sources */,
				FCCA5C65255453B10018FC6D /* CodeModel.swift in Sources */,
				8BE90CC32550398600A34B37 /* TeacherCoordinator.swift in Sources */,
				8B7FF791255C830A0043B0DB /* ProgramsCoordinator.swift in Sources */,
				FC7384212566A85C00432AC6 /* RemoveAlert.swift in Sources */,
				FCCA5C74255464AD0018FC6D /* AssignmentScreenVC.swift in Sources */,
				FC16C01D256C2EBA00180942 /* VariablesViewModel.swift in Sources */,
				FCCA5C54255448180018FC6D /* TutorialViewModel.swift in Sources */,
				8BE90CAA2550383800A34B37 /* Coordinated.swift in Sources */,
				FC16BFFB256C074D00180942 /* Constants.swift in Sources */,
				FCA9A496256EEBA3009F81B5 /* AssignmentSection.swift in Sources */,
				FC259E26256FE3B30066E02A /* TutorialCodeScreenVC.swift in Sources */,
				FC73841025669D0F00432AC6 /* CodingScreenVC.swift in Sources */,
				FC259E32256FFF240066E02A /* SavedProgramCodeScreenVC.swift in Sources */,
				FC6C0F182580BA16000596D4 /* TextToSpeech.swift in Sources */,
				8B02EA502579344E00480AFA /* StringExtensions.swift in Sources */,
				FCA9A49B256EEBB3009F81B5 /* VariableSection.swift in Sources */,
				8B7FF7F9255CE44E0043B0DB /* UserFactory.swift in Sources */,
				8BEB38D5257AA0D800C24085 /* RunScreenVC.swift in Sources */,
				8B7FF872255D68B20043B0DB /* AssignmentViewModel.swift in Sources */,
				8B7FF79C255C91740043B0DB /* ClassScreenVC.swift in Sources */,
				8B7FF7AE255C936D0043B0DB /* ViewControllerExtensions.swift in Sources */,
				8BBD5D16257BF9B70089F2D9 /* RunCodeCoordinator.swift in Sources */,
				FCBC737D25665C11006361F8 /* ProgramViewModel.swift in Sources */,
				FC6C0F272580BA57000596D4 /* Flip.swift in Sources */,
				FCBC736D2565C2A4006361F8 /* AddFunctionAlert.swift in Sources */,
				FCCA5C79255469720018FC6D /* AssignmentModels.swift in Sources */,
				8BE90CB42550387300A34B37 /* AppCoordinator.swift in Sources */,
				8BE90D2D2550497700A34B37 /* AuthenticationManager.swift in Sources */,
				FC16BFE8256B103C00180942 /* ProgramNewCodeViewModel.swift in Sources */,
				8B7FF7F3255CE00E0043B0DB /* ClassSignUpVC.swift in Sources */,
				8BDC8FFF255ED05900A2E229 /* EmojiChecker.swift in Sources */,
				FC80F0852553FC5100B5B86B /* ProgramScreenVC.swift in Sources */,
				8B70B200255F4E4E00EC3D57 /* FileManager.swift in Sources */,
				8BEB38C1257A400400C24085 /* ColorModel.swift in Sources */,
				8B7FF7E6255CD4D60043B0DB /* StudentModel.swift in Sources */,
				8B3E751D255D954F00AAA915 /* AudioPlayer.swift in Sources */,
				8B8323002550571A009C1526 /* UserDataSource.swift in Sources */,
				8BEB38C6257A4E4B00C24085 /* Interpreter.swift in Sources */,
				FC80F0802553E50800B5B86B /* ForgetPasswordVC.swift in Sources */,
				8B7FF78C255C82F40043B0DB /* TutorialsCoordinator.swift in Sources */,
				FCCA5C6A2554542A0018FC6D /* TutorialDataSource.swift in Sources */,
				FC9C42A7254AE8890061E220 /* AppDelegate.swift in Sources */,
				8B7FF787255C82DA0043B0DB /* ClassCoordinator.swift in Sources */,
			);
			runOnlyForDeploymentPostprocessing = 0;
		};
		FC9C42B5254AE88D0061E220 /* Sources */ = {
			isa = PBXSourcesBuildPhase;
			buildActionMask = 2147483647;
			files = (
				FC9C42BE254AE88D0061E220 /* EmojibleIOSTests.swift in Sources */,
			);
			runOnlyForDeploymentPostprocessing = 0;
		};
		FC9C42C0254AE88D0061E220 /* Sources */ = {
			isa = PBXSourcesBuildPhase;
			buildActionMask = 2147483647;
			files = (
				FC9C42C9254AE88D0061E220 /* EmojibleIOSUITests.swift in Sources */,
			);
			runOnlyForDeploymentPostprocessing = 0;
		};
/* End PBXSourcesBuildPhase section */

/* Begin PBXTargetDependency section */
		FC9C42BB254AE88D0061E220 /* PBXTargetDependency */ = {
			isa = PBXTargetDependency;
			target = FC9C42A2254AE8890061E220 /* EmojibleIOS */;
			targetProxy = FC9C42BA254AE88D0061E220 /* PBXContainerItemProxy */;
		};
		FC9C42C6254AE88D0061E220 /* PBXTargetDependency */ = {
			isa = PBXTargetDependency;
			target = FC9C42A2254AE8890061E220 /* EmojibleIOS */;
			targetProxy = FC9C42C5254AE88D0061E220 /* PBXContainerItemProxy */;
		};
/* End PBXTargetDependency section */

/* Begin PBXVariantGroup section */
		FC9C42B1254AE88D0061E220 /* LaunchScreen.storyboard */ = {
			isa = PBXVariantGroup;
			children = (
				FC9C42B2254AE88D0061E220 /* Base */,
			);
			name = LaunchScreen.storyboard;
			sourceTree = "<group>";
		};
/* End PBXVariantGroup section */

/* Begin XCBuildConfiguration section */
		FC9C42CB254AE88D0061E220 /* Debug */ = {
			isa = XCBuildConfiguration;
			buildSettings = {
				ALWAYS_SEARCH_USER_PATHS = NO;
				CLANG_ANALYZER_NONNULL = YES;
				CLANG_ANALYZER_NUMBER_OBJECT_CONVERSION = YES_AGGRESSIVE;
				CLANG_CXX_LANGUAGE_STANDARD = "gnu++14";
				CLANG_CXX_LIBRARY = "libc++";
				CLANG_ENABLE_MODULES = YES;
				CLANG_ENABLE_OBJC_ARC = YES;
				CLANG_ENABLE_OBJC_WEAK = YES;
				CLANG_WARN_BLOCK_CAPTURE_AUTORELEASING = YES;
				CLANG_WARN_BOOL_CONVERSION = YES;
				CLANG_WARN_COMMA = YES;
				CLANG_WARN_CONSTANT_CONVERSION = YES;
				CLANG_WARN_DEPRECATED_OBJC_IMPLEMENTATIONS = YES;
				CLANG_WARN_DIRECT_OBJC_ISA_USAGE = YES_ERROR;
				CLANG_WARN_DOCUMENTATION_COMMENTS = YES;
				CLANG_WARN_EMPTY_BODY = YES;
				CLANG_WARN_ENUM_CONVERSION = YES;
				CLANG_WARN_INFINITE_RECURSION = YES;
				CLANG_WARN_INT_CONVERSION = YES;
				CLANG_WARN_NON_LITERAL_NULL_CONVERSION = YES;
				CLANG_WARN_OBJC_IMPLICIT_RETAIN_SELF = YES;
				CLANG_WARN_OBJC_LITERAL_CONVERSION = YES;
				CLANG_WARN_OBJC_ROOT_CLASS = YES_ERROR;
				CLANG_WARN_QUOTED_INCLUDE_IN_FRAMEWORK_HEADER = YES;
				CLANG_WARN_RANGE_LOOP_ANALYSIS = YES;
				CLANG_WARN_STRICT_PROTOTYPES = YES;
				CLANG_WARN_SUSPICIOUS_MOVE = YES;
				CLANG_WARN_UNGUARDED_AVAILABILITY = YES_AGGRESSIVE;
				CLANG_WARN_UNREACHABLE_CODE = YES;
				CLANG_WARN__DUPLICATE_METHOD_MATCH = YES;
				COPY_PHASE_STRIP = NO;
				DEBUG_INFORMATION_FORMAT = dwarf;
				ENABLE_STRICT_OBJC_MSGSEND = YES;
				ENABLE_TESTABILITY = YES;
				GCC_C_LANGUAGE_STANDARD = gnu11;
				GCC_DYNAMIC_NO_PIC = NO;
				GCC_NO_COMMON_BLOCKS = YES;
				GCC_OPTIMIZATION_LEVEL = 0;
				GCC_PREPROCESSOR_DEFINITIONS = (
					"DEBUG=1",
					"$(inherited)",
				);
				GCC_WARN_64_TO_32_BIT_CONVERSION = YES;
				GCC_WARN_ABOUT_RETURN_TYPE = YES_ERROR;
				GCC_WARN_UNDECLARED_SELECTOR = YES;
				GCC_WARN_UNINITIALIZED_AUTOS = YES_AGGRESSIVE;
				GCC_WARN_UNUSED_FUNCTION = YES;
				GCC_WARN_UNUSED_VARIABLE = YES;
				IPHONEOS_DEPLOYMENT_TARGET = 13.0;
				MTL_ENABLE_DEBUG_INFO = INCLUDE_SOURCE;
				MTL_FAST_MATH = YES;
				ONLY_ACTIVE_ARCH = YES;
				SDKROOT = iphoneos;
				SWIFT_ACTIVE_COMPILATION_CONDITIONS = DEBUG;
				SWIFT_OPTIMIZATION_LEVEL = "-Onone";
			};
			name = Debug;
		};
		FC9C42CC254AE88D0061E220 /* Release */ = {
			isa = XCBuildConfiguration;
			buildSettings = {
				ALWAYS_SEARCH_USER_PATHS = NO;
				CLANG_ANALYZER_NONNULL = YES;
				CLANG_ANALYZER_NUMBER_OBJECT_CONVERSION = YES_AGGRESSIVE;
				CLANG_CXX_LANGUAGE_STANDARD = "gnu++14";
				CLANG_CXX_LIBRARY = "libc++";
				CLANG_ENABLE_MODULES = YES;
				CLANG_ENABLE_OBJC_ARC = YES;
				CLANG_ENABLE_OBJC_WEAK = YES;
				CLANG_WARN_BLOCK_CAPTURE_AUTORELEASING = YES;
				CLANG_WARN_BOOL_CONVERSION = YES;
				CLANG_WARN_COMMA = YES;
				CLANG_WARN_CONSTANT_CONVERSION = YES;
				CLANG_WARN_DEPRECATED_OBJC_IMPLEMENTATIONS = YES;
				CLANG_WARN_DIRECT_OBJC_ISA_USAGE = YES_ERROR;
				CLANG_WARN_DOCUMENTATION_COMMENTS = YES;
				CLANG_WARN_EMPTY_BODY = YES;
				CLANG_WARN_ENUM_CONVERSION = YES;
				CLANG_WARN_INFINITE_RECURSION = YES;
				CLANG_WARN_INT_CONVERSION = YES;
				CLANG_WARN_NON_LITERAL_NULL_CONVERSION = YES;
				CLANG_WARN_OBJC_IMPLICIT_RETAIN_SELF = YES;
				CLANG_WARN_OBJC_LITERAL_CONVERSION = YES;
				CLANG_WARN_OBJC_ROOT_CLASS = YES_ERROR;
				CLANG_WARN_QUOTED_INCLUDE_IN_FRAMEWORK_HEADER = YES;
				CLANG_WARN_RANGE_LOOP_ANALYSIS = YES;
				CLANG_WARN_STRICT_PROTOTYPES = YES;
				CLANG_WARN_SUSPICIOUS_MOVE = YES;
				CLANG_WARN_UNGUARDED_AVAILABILITY = YES_AGGRESSIVE;
				CLANG_WARN_UNREACHABLE_CODE = YES;
				CLANG_WARN__DUPLICATE_METHOD_MATCH = YES;
				COPY_PHASE_STRIP = NO;
				DEBUG_INFORMATION_FORMAT = "dwarf-with-dsym";
				ENABLE_NS_ASSERTIONS = NO;
				ENABLE_STRICT_OBJC_MSGSEND = YES;
				GCC_C_LANGUAGE_STANDARD = gnu11;
				GCC_NO_COMMON_BLOCKS = YES;
				GCC_WARN_64_TO_32_BIT_CONVERSION = YES;
				GCC_WARN_ABOUT_RETURN_TYPE = YES_ERROR;
				GCC_WARN_UNDECLARED_SELECTOR = YES;
				GCC_WARN_UNINITIALIZED_AUTOS = YES_AGGRESSIVE;
				GCC_WARN_UNUSED_FUNCTION = YES;
				GCC_WARN_UNUSED_VARIABLE = YES;
				IPHONEOS_DEPLOYMENT_TARGET = 13.0;
				MTL_ENABLE_DEBUG_INFO = NO;
				MTL_FAST_MATH = YES;
				SDKROOT = iphoneos;
				SWIFT_COMPILATION_MODE = wholemodule;
				SWIFT_OPTIMIZATION_LEVEL = "-O";
				VALIDATE_PRODUCT = YES;
			};
			name = Release;
		};
		FC9C42CE254AE88D0061E220 /* Debug */ = {
			isa = XCBuildConfiguration;
			baseConfigurationReference = 41C27A151447E96F1214CC51 /* Pods-EmojibleIOS.debug.xcconfig */;
			buildSettings = {
				ASSETCATALOG_COMPILER_APPICON_NAME = AppIcon;
				ASSETCATALOG_COMPILER_GLOBAL_ACCENT_COLOR_NAME = AccentColor;
				CODE_SIGN_IDENTITY = "Apple Development";
				CODE_SIGN_STYLE = Automatic;
				DEVELOPMENT_TEAM = FQM5R73TP7;
				INFOPLIST_FILE = EmojibleIOS/Info.plist;
				LD_RUNPATH_SEARCH_PATHS = (
					"$(inherited)",
					"@executable_path/Frameworks",
				);
				PRODUCT_BUNDLE_IDENTIFIER = com.EmojibleIOS.COMP491;
				PRODUCT_NAME = "$(TARGET_NAME)";
				PROVISIONING_PROFILE_SPECIFIER = "";
				SWIFT_VERSION = 5.0;
				TARGETED_DEVICE_FAMILY = 1;
			};
			name = Debug;
		};
		FC9C42CF254AE88D0061E220 /* Release */ = {
			isa = XCBuildConfiguration;
			baseConfigurationReference = 1D955B18504508E5632E8301 /* Pods-EmojibleIOS.release.xcconfig */;
			buildSettings = {
				ASSETCATALOG_COMPILER_APPICON_NAME = AppIcon;
				ASSETCATALOG_COMPILER_GLOBAL_ACCENT_COLOR_NAME = AccentColor;
				CODE_SIGN_IDENTITY = "Apple Development";
				CODE_SIGN_STYLE = Automatic;
				DEVELOPMENT_TEAM = FQM5R73TP7;
				INFOPLIST_FILE = EmojibleIOS/Info.plist;
				LD_RUNPATH_SEARCH_PATHS = (
					"$(inherited)",
					"@executable_path/Frameworks",
				);
				PRODUCT_BUNDLE_IDENTIFIER = com.EmojibleIOS.COMP491;
				PRODUCT_NAME = "$(TARGET_NAME)";
				PROVISIONING_PROFILE_SPECIFIER = "";
				SWIFT_VERSION = 5.0;
				TARGETED_DEVICE_FAMILY = 1;
			};
			name = Release;
		};
		FC9C42D1254AE88D0061E220 /* Debug */ = {
			isa = XCBuildConfiguration;
			baseConfigurationReference = 47122601B612E98EFD6B6D39 /* Pods-EmojibleIOSTests.debug.xcconfig */;
			buildSettings = {
				ALWAYS_EMBED_SWIFT_STANDARD_LIBRARIES = YES;
				BUNDLE_LOADER = "$(TEST_HOST)";
				CODE_SIGN_STYLE = Automatic;
				DEVELOPMENT_TEAM = "";
				INFOPLIST_FILE = EmojibleIOSTests/Info.plist;
				IPHONEOS_DEPLOYMENT_TARGET = 14.0;
				LD_RUNPATH_SEARCH_PATHS = (
					"$(inherited)",
					"@executable_path/Frameworks",
					"@loader_path/Frameworks",
				);
				PRODUCT_BUNDLE_IDENTIFIER = com.EmojibleIOS.EmojibleIOSTests;
				PRODUCT_NAME = "$(TARGET_NAME)";
				SWIFT_VERSION = 5.0;
				TARGETED_DEVICE_FAMILY = "1,2";
				TEST_HOST = "$(BUILT_PRODUCTS_DIR)/EmojibleIOS.app/EmojibleIOS";
			};
			name = Debug;
		};
		FC9C42D2254AE88D0061E220 /* Release */ = {
			isa = XCBuildConfiguration;
			baseConfigurationReference = CE1563012F70B3E8FE18560A /* Pods-EmojibleIOSTests.release.xcconfig */;
			buildSettings = {
				ALWAYS_EMBED_SWIFT_STANDARD_LIBRARIES = YES;
				BUNDLE_LOADER = "$(TEST_HOST)";
				CODE_SIGN_STYLE = Automatic;
				DEVELOPMENT_TEAM = "";
				INFOPLIST_FILE = EmojibleIOSTests/Info.plist;
				IPHONEOS_DEPLOYMENT_TARGET = 14.0;
				LD_RUNPATH_SEARCH_PATHS = (
					"$(inherited)",
					"@executable_path/Frameworks",
					"@loader_path/Frameworks",
				);
				PRODUCT_BUNDLE_IDENTIFIER = com.EmojibleIOS.EmojibleIOSTests;
				PRODUCT_NAME = "$(TARGET_NAME)";
				SWIFT_VERSION = 5.0;
				TARGETED_DEVICE_FAMILY = "1,2";
				TEST_HOST = "$(BUILT_PRODUCTS_DIR)/EmojibleIOS.app/EmojibleIOS";
			};
			name = Release;
		};
		FC9C42D4254AE88D0061E220 /* Debug */ = {
			isa = XCBuildConfiguration;
			baseConfigurationReference = 23FF6DED84E5A8C004E99986 /* Pods-EmojibleIOS-EmojibleIOSUITests.debug.xcconfig */;
			buildSettings = {
				ALWAYS_EMBED_SWIFT_STANDARD_LIBRARIES = YES;
				CODE_SIGN_STYLE = Automatic;
				DEVELOPMENT_TEAM = "";
				INFOPLIST_FILE = EmojibleIOSUITests/Info.plist;
				LD_RUNPATH_SEARCH_PATHS = (
					"$(inherited)",
					"@executable_path/Frameworks",
					"@loader_path/Frameworks",
				);
				PRODUCT_BUNDLE_IDENTIFIER = com.EmojibleIOS.EmojibleIOSUITests;
				PRODUCT_NAME = "$(TARGET_NAME)";
				SWIFT_VERSION = 5.0;
				TARGETED_DEVICE_FAMILY = "1,2";
				TEST_TARGET_NAME = EmojibleIOS;
			};
			name = Debug;
		};
		FC9C42D5254AE88D0061E220 /* Release */ = {
			isa = XCBuildConfiguration;
			baseConfigurationReference = 5B503A8BCFA0896294935F97 /* Pods-EmojibleIOS-EmojibleIOSUITests.release.xcconfig */;
			buildSettings = {
				ALWAYS_EMBED_SWIFT_STANDARD_LIBRARIES = YES;
				CODE_SIGN_STYLE = Automatic;
				DEVELOPMENT_TEAM = 8JBPMURZH5;
				INFOPLIST_FILE = EmojibleIOSUITests/Info.plist;
				LD_RUNPATH_SEARCH_PATHS = (
					"$(inherited)",
					"@executable_path/Frameworks",
					"@loader_path/Frameworks",
				);
				PRODUCT_BUNDLE_IDENTIFIER = com.EmojibleIOS.EmojibleIOSUITests;
				PRODUCT_NAME = "$(TARGET_NAME)";
				SWIFT_VERSION = 5.0;
				TARGETED_DEVICE_FAMILY = "1,2";
				TEST_TARGET_NAME = EmojibleIOS;
			};
			name = Release;
		};
/* End XCBuildConfiguration section */

/* Begin XCConfigurationList section */
		FC9C429E254AE8890061E220 /* Build configuration list for PBXProject "EmojibleIOS" */ = {
			isa = XCConfigurationList;
			buildConfigurations = (
				FC9C42CB254AE88D0061E220 /* Debug */,
				FC9C42CC254AE88D0061E220 /* Release */,
			);
			defaultConfigurationIsVisible = 0;
			defaultConfigurationName = Release;
		};
		FC9C42CD254AE88D0061E220 /* Build configuration list for PBXNativeTarget "EmojibleIOS" */ = {
			isa = XCConfigurationList;
			buildConfigurations = (
				FC9C42CE254AE88D0061E220 /* Debug */,
				FC9C42CF254AE88D0061E220 /* Release */,
			);
			defaultConfigurationIsVisible = 0;
			defaultConfigurationName = Release;
		};
		FC9C42D0254AE88D0061E220 /* Build configuration list for PBXNativeTarget "EmojibleIOSTests" */ = {
			isa = XCConfigurationList;
			buildConfigurations = (
				FC9C42D1254AE88D0061E220 /* Debug */,
				FC9C42D2254AE88D0061E220 /* Release */,
			);
			defaultConfigurationIsVisible = 0;
			defaultConfigurationName = Release;
		};
		FC9C42D3254AE88D0061E220 /* Build configuration list for PBXNativeTarget "EmojibleIOSUITests" */ = {
			isa = XCConfigurationList;
			buildConfigurations = (
				FC9C42D4254AE88D0061E220 /* Debug */,
				FC9C42D5254AE88D0061E220 /* Release */,
			);
			defaultConfigurationIsVisible = 0;
			defaultConfigurationName = Release;
		};
/* End XCConfigurationList section */
	};
	rootObject = FC9C429B254AE8890061E220 /* Project object */;
}
